// !$*UTF8*$!
{
	archiveVersion = 1;
	classes = {
	};
	objectVersion = 46;
	objects = {

/* Begin PBXBuildFile section */
		64AAF6A41A75DD68001366A7 /* MudFramework.framework in Frameworks */ = {isa = PBXBuildFile; fileRef = 64AAF6981A75DD68001366A7 /* MudFramework.framework */; };
		64AAF6AB1A75DD68001366A7 /* MudFramework_SwiftTests.swift in Sources */ = {isa = PBXBuildFile; fileRef = 64AAF6AA1A75DD68001366A7 /* MudFramework_SwiftTests.swift */; };
		AE195A7D1D1944BF00B626E5 /* MudFullScreenViewController.swift in Sources */ = {isa = PBXBuildFile; fileRef = AE195A541D1944BF00B626E5 /* MudFullScreenViewController.swift */; };
		AE195A7E1D1944BF00B626E5 /* MudLeftImageView.swift in Sources */ = {isa = PBXBuildFile; fileRef = AE195A551D1944BF00B626E5 /* MudLeftImageView.swift */; };
		AE195A7F1D1944BF00B626E5 /* MudNavigationBar.swift in Sources */ = {isa = PBXBuildFile; fileRef = AE195A561D1944BF00B626E5 /* MudNavigationBar.swift */; };
		AE195A801D1944BF00B626E5 /* MudNavigationController.swift in Sources */ = {isa = PBXBuildFile; fileRef = AE195A571D1944BF00B626E5 /* MudNavigationController.swift */; };
		AE195A811D1944BF00B626E5 /* MudNavigationView.swift in Sources */ = {isa = PBXBuildFile; fileRef = AE195A581D1944BF00B626E5 /* MudNavigationView.swift */; };
		AE195A821D1944BF00B626E5 /* MudTableView.swift in Sources */ = {isa = PBXBuildFile; fileRef = AE195A591D1944BF00B626E5 /* MudTableView.swift */; };
		AE195A831D1944BF00B626E5 /* MudTableViewController.swift in Sources */ = {isa = PBXBuildFile; fileRef = AE195A5A1D1944BF00B626E5 /* MudTableViewController.swift */; };
		AE195A841D1944BF00B626E5 /* MudViewController.swift in Sources */ = {isa = PBXBuildFile; fileRef = AE195A5B1D1944BF00B626E5 /* MudViewController.swift */; };
		AE195A851D1944BF00B626E5 /* UIApplication+Category.swift in Sources */ = {isa = PBXBuildFile; fileRef = AE195A5D1D1944BF00B626E5 /* UIApplication+Category.swift */; };
		AE195A861D1944BF00B626E5 /* UIBarButtonItem+extension.swift in Sources */ = {isa = PBXBuildFile; fileRef = AE195A5E1D1944BF00B626E5 /* UIBarButtonItem+extension.swift */; };
		AE195A871D1944BF00B626E5 /* UIColor+Category.swift in Sources */ = {isa = PBXBuildFile; fileRef = AE195A5F1D1944BF00B626E5 /* UIColor+Category.swift */; };
		AE195A881D1944BF00B626E5 /* UIDevice+Extension.swift in Sources */ = {isa = PBXBuildFile; fileRef = AE195A601D1944BF00B626E5 /* UIDevice+Extension.swift */; };
		AE195A891D1944BF00B626E5 /* UIImage+Category.swift in Sources */ = {isa = PBXBuildFile; fileRef = AE195A611D1944BF00B626E5 /* UIImage+Category.swift */; };
		AE195A8A1D1944BF00B626E5 /* UIImage+Named.swift in Sources */ = {isa = PBXBuildFile; fileRef = AE195A621D1944BF00B626E5 /* UIImage+Named.swift */; };
		AE195A8B1D1944BF00B626E5 /* UIImageView+Larger.swift in Sources */ = {isa = PBXBuildFile; fileRef = AE195A631D1944BF00B626E5 /* UIImageView+Larger.swift */; };
		AE195A8C1D1944BF00B626E5 /* UIView+Category.swift in Sources */ = {isa = PBXBuildFile; fileRef = AE195A641D1944BF00B626E5 /* UIView+Category.swift */; };
		AE195A8D1D1944BF00B626E5 /* MudActionSheet.swift in Sources */ = {isa = PBXBuildFile; fileRef = AE195A661D1944BF00B626E5 /* MudActionSheet.swift */; };
		AE195A8E1D1944BF00B626E5 /* MudBadgeButton.swift in Sources */ = {isa = PBXBuildFile; fileRef = AE195A671D1944BF00B626E5 /* MudBadgeButton.swift */; };
		AE195A8F1D1944BF00B626E5 /* MudCornerLabel.swift in Sources */ = {isa = PBXBuildFile; fileRef = AE195A681D1944BF00B626E5 /* MudCornerLabel.swift */; };
		AE195A901D1944BF00B626E5 /* MudDatePicker.swift in Sources */ = {isa = PBXBuildFile; fileRef = AE195A691D1944BF00B626E5 /* MudDatePicker.swift */; };
		AE195A911D1944BF00B626E5 /* MudImageBrowserViewController.swift in Sources */ = {isa = PBXBuildFile; fileRef = AE195A6A1D1944BF00B626E5 /* MudImageBrowserViewController.swift */; };
		AE195A921D1944BF00B626E5 /* MudLoadMoreFootView.swift in Sources */ = {isa = PBXBuildFile; fileRef = AE195A6B1D1944BF00B626E5 /* MudLoadMoreFootView.swift */; };
		AE195A931D1944BF00B626E5 /* MudRectangleImageView.swift in Sources */ = {isa = PBXBuildFile; fileRef = AE195A6C1D1944BF00B626E5 /* MudRectangleImageView.swift */; };
		AE195A941D1944BF00B626E5 /* MudRefreshControl.swift in Sources */ = {isa = PBXBuildFile; fileRef = AE195A6D1D1944BF00B626E5 /* MudRefreshControl.swift */; };
		AE195A951D1944BF00B626E5 /* MudRefreshView.swift in Sources */ = {isa = PBXBuildFile; fileRef = AE195A6E1D1944BF00B626E5 /* MudRefreshView.swift */; };
		AE195A961D1944BF00B626E5 /* MudRoundImageView.swift in Sources */ = {isa = PBXBuildFile; fileRef = AE195A6F1D1944BF00B626E5 /* MudRoundImageView.swift */; };
		AE195A971D1944BF00B626E5 /* MudSearchBar.swift in Sources */ = {isa = PBXBuildFile; fileRef = AE195A701D1944BF00B626E5 /* MudSearchBar.swift */; };
		AE195A981D1944BF00B626E5 /* MudSizeFitLabel.swift in Sources */ = {isa = PBXBuildFile; fileRef = AE195A711D1944BF00B626E5 /* MudSizeFitLabel.swift */; };
		AE195A991D1944BF00B626E5 /* MudSpring.swift in Sources */ = {isa = PBXBuildFile; fileRef = AE195A721D1944BF00B626E5 /* MudSpring.swift */; };
		AE195A9A1D1944BF00B626E5 /* MudSpringButton.swift in Sources */ = {isa = PBXBuildFile; fileRef = AE195A731D1944BF00B626E5 /* MudSpringButton.swift */; };
		AE195A9B1D1944BF00B626E5 /* MudSpringLabel.swift in Sources */ = {isa = PBXBuildFile; fileRef = AE195A741D1944BF00B626E5 /* MudSpringLabel.swift */; };
		AE195A9C1D1944BF00B626E5 /* MudStarOverlayImageView.swift in Sources */ = {isa = PBXBuildFile; fileRef = AE195A751D1944BF00B626E5 /* MudStarOverlayImageView.swift */; };
		AE195A9D1D1944BF00B626E5 /* MudStarView.swift in Sources */ = {isa = PBXBuildFile; fileRef = AE195A761D1944BF00B626E5 /* MudStarView.swift */; };
		AE195A9E1D1944BF00B626E5 /* MudTableViewCell.swift in Sources */ = {isa = PBXBuildFile; fileRef = AE195A771D1944BF00B626E5 /* MudTableViewCell.swift */; };
		AE195A9F1D1944BF00B626E5 /* MudTabPageBar.swift in Sources */ = {isa = PBXBuildFile; fileRef = AE195A781D1944BF00B626E5 /* MudTabPageBar.swift */; };
		AE195AA01D1944BF00B626E5 /* MudTabPageBarItem.swift in Sources */ = {isa = PBXBuildFile; fileRef = AE195A791D1944BF00B626E5 /* MudTabPageBarItem.swift */; };
		AE195AA11D1944BF00B626E5 /* MudTabPagesView.swift in Sources */ = {isa = PBXBuildFile; fileRef = AE195A7A1D1944BF00B626E5 /* MudTabPagesView.swift */; };
		AE195AA21D1944BF00B626E5 /* MudTextView.swift in Sources */ = {isa = PBXBuildFile; fileRef = AE195A7B1D1944BF00B626E5 /* MudTextView.swift */; };
		AE195AA31D1944BF00B626E5 /* MudVerticalLayoutButton.swift in Sources */ = {isa = PBXBuildFile; fileRef = AE195A7C1D1944BF00B626E5 /* MudVerticalLayoutButton.swift */; };
		AE195AAD1D194A0200B626E5 /* MudColor.swift in Sources */ = {isa = PBXBuildFile; fileRef = AE195AAC1D194A0200B626E5 /* MudColor.swift */; };
		AE195AAF1D194A4200B626E5 /* MudFont.swift in Sources */ = {isa = PBXBuildFile; fileRef = AE195AAE1D194A4200B626E5 /* MudFont.swift */; };
		AE5416311CE5815E00570E23 /* MudLocationManager.swift in Sources */ = {isa = PBXBuildFile; fileRef = AE5415D31CE5815E00570E23 /* MudLocationManager.swift */; };
		AE5416321CE5815E00570E23 /* MudKeyChainManager.swift in Sources */ = {isa = PBXBuildFile; fileRef = AE5415D71CE5815E00570E23 /* MudKeyChainManager.swift */; };
		AE5416331CE5815E00570E23 /* MudLocalString.swift in Sources */ = {isa = PBXBuildFile; fileRef = AE5415D81CE5815E00570E23 /* MudLocalString.swift */; };
		AE5416351CE5815E00570E23 /* MudRequestBase.swift in Sources */ = {isa = PBXBuildFile; fileRef = AE5415DA1CE5815E00570E23 /* MudRequestBase.swift */; };
		AE5416361CE5815E00570E23 /* MudRequestCenter.swift in Sources */ = {isa = PBXBuildFile; fileRef = AE5415DB1CE5815E00570E23 /* MudRequestCenter.swift */; };
		AE5416371CE5815E00570E23 /* String+Category.swift in Sources */ = {isa = PBXBuildFile; fileRef = AE5415DC1CE5815E00570E23 /* String+Category.swift */; };
		AE5416381CE5815E00570E23 /* MudHttpReqManager.swift in Sources */ = {isa = PBXBuildFile; fileRef = AE5415DE1CE5815E00570E23 /* MudHttpReqManager.swift */; };
		AE5416391CE5815E00570E23 /* MudHTTPRequestSerializer.swift in Sources */ = {isa = PBXBuildFile; fileRef = AE5415DF1CE5815E00570E23 /* MudHTTPRequestSerializer.swift */; };
		AE54163A1CE5815E00570E23 /* MudHTTPResponseSerializer.swift in Sources */ = {isa = PBXBuildFile; fileRef = AE5415E01CE5815E00570E23 /* MudHTTPResponseSerializer.swift */; };
		AE54163B1CE5815E00570E23 /* MudHttpSessionManager.swift in Sources */ = {isa = PBXBuildFile; fileRef = AE5415E11CE5815E00570E23 /* MudHttpSessionManager.swift */; };
		AE54163C1CE5815E00570E23 /* MudURLRequest.swift in Sources */ = {isa = PBXBuildFile; fileRef = AE5415E21CE5815E00570E23 /* MudURLRequest.swift */; };
		AE54163D1CE5815E00570E23 /* MudURLSessionManager.swift in Sources */ = {isa = PBXBuildFile; fileRef = AE5415E31CE5815E00570E23 /* MudURLSessionManager.swift */; };
		AE54163E1CE5815E00570E23 /* Array+Category.swift in Sources */ = {isa = PBXBuildFile; fileRef = AE5415E51CE5815E00570E23 /* Array+Category.swift */; };
		AE54163F1CE5815E00570E23 /* Dictionary+Category.swift in Sources */ = {isa = PBXBuildFile; fileRef = AE5415E61CE5815E00570E23 /* Dictionary+Category.swift */; };
		AE5416401CE5815E00570E23 /* Int+Convert.swift in Sources */ = {isa = PBXBuildFile; fileRef = AE5415E71CE5815E00570E23 /* Int+Convert.swift */; };
		AE5416411CE5815E00570E23 /* Int+extension.swift in Sources */ = {isa = PBXBuildFile; fileRef = AE5415E81CE5815E00570E23 /* Int+extension.swift */; };
		AE5416421CE5815E00570E23 /* NSDate+Extention.swift in Sources */ = {isa = PBXBuildFile; fileRef = AE5415E91CE5815E00570E23 /* NSDate+Extention.swift */; };
		AE5416451CE5815E00570E23 /* NSError+extension.swift in Sources */ = {isa = PBXBuildFile; fileRef = AE5415EC1CE5815E00570E23 /* NSError+extension.swift */; };
		AE5416461CE5815E00570E23 /* NSJSONSerialization+Category.swift in Sources */ = {isa = PBXBuildFile; fileRef = AE5415ED1CE5815E00570E23 /* NSJSONSerialization+Category.swift */; };
		AE5416471CE5815E00570E23 /* NSLocale+Extension.swift in Sources */ = {isa = PBXBuildFile; fileRef = AE5415EE1CE5815E00570E23 /* NSLocale+Extension.swift */; };
		AE5416481CE5815E00570E23 /* String+Convert.swift in Sources */ = {isa = PBXBuildFile; fileRef = AE5415EF1CE5815E00570E23 /* String+Convert.swift */; };
		AE5416491CE5815E00570E23 /* typealias.swift in Sources */ = {isa = PBXBuildFile; fileRef = AE5415F11CE5815E00570E23 /* typealias.swift */; };
		AE54164B1CE5815E00570E23 /* MudMacro.swift in Sources */ = {isa = PBXBuildFile; fileRef = AE5415F41CE5815E00570E23 /* MudMacro.swift */; };
/* End PBXBuildFile section */

/* Begin PBXContainerItemProxy section */
		64AAF6A51A75DD68001366A7 /* PBXContainerItemProxy */ = {
			isa = PBXContainerItemProxy;
			containerPortal = 64AAF68F1A75DD68001366A7 /* Project object */;
			proxyType = 1;
			remoteGlobalIDString = 64AAF6971A75DD68001366A7;
			remoteInfo = MudFramework_Swift;
		};
/* End PBXContainerItemProxy section */

/* Begin PBXFileReference section */
		64AAF6981A75DD68001366A7 /* MudFramework.framework */ = {isa = PBXFileReference; explicitFileType = wrapper.framework; includeInIndex = 0; path = MudFramework.framework; sourceTree = BUILT_PRODUCTS_DIR; };
		64AAF6A31A75DD68001366A7 /* MudFramework_SwiftTests.xctest */ = {isa = PBXFileReference; explicitFileType = wrapper.cfbundle; includeInIndex = 0; path = MudFramework_SwiftTests.xctest; sourceTree = BUILT_PRODUCTS_DIR; };
		64AAF6A91A75DD68001366A7 /* Info.plist */ = {isa = PBXFileReference; lastKnownFileType = text.plist.xml; path = Info.plist; sourceTree = "<group>"; };
		64AAF6AA1A75DD68001366A7 /* MudFramework_SwiftTests.swift */ = {isa = PBXFileReference; lastKnownFileType = sourcecode.swift; path = MudFramework_SwiftTests.swift; sourceTree = "<group>"; };
		AE195A541D1944BF00B626E5 /* MudFullScreenViewController.swift */ = {isa = PBXFileReference; fileEncoding = 4; lastKnownFileType = sourcecode.swift; path = MudFullScreenViewController.swift; sourceTree = "<group>"; };
		AE195A551D1944BF00B626E5 /* MudLeftImageView.swift */ = {isa = PBXFileReference; fileEncoding = 4; lastKnownFileType = sourcecode.swift; path = MudLeftImageView.swift; sourceTree = "<group>"; };
		AE195A561D1944BF00B626E5 /* MudNavigationBar.swift */ = {isa = PBXFileReference; fileEncoding = 4; lastKnownFileType = sourcecode.swift; path = MudNavigationBar.swift; sourceTree = "<group>"; };
		AE195A571D1944BF00B626E5 /* MudNavigationController.swift */ = {isa = PBXFileReference; fileEncoding = 4; lastKnownFileType = sourcecode.swift; path = MudNavigationController.swift; sourceTree = "<group>"; };
		AE195A581D1944BF00B626E5 /* MudNavigationView.swift */ = {isa = PBXFileReference; fileEncoding = 4; lastKnownFileType = sourcecode.swift; path = MudNavigationView.swift; sourceTree = "<group>"; };
		AE195A591D1944BF00B626E5 /* MudTableView.swift */ = {isa = PBXFileReference; fileEncoding = 4; lastKnownFileType = sourcecode.swift; path = MudTableView.swift; sourceTree = "<group>"; };
		AE195A5A1D1944BF00B626E5 /* MudTableViewController.swift */ = {isa = PBXFileReference; fileEncoding = 4; lastKnownFileType = sourcecode.swift; path = MudTableViewController.swift; sourceTree = "<group>"; };
		AE195A5B1D1944BF00B626E5 /* MudViewController.swift */ = {isa = PBXFileReference; fileEncoding = 4; lastKnownFileType = sourcecode.swift; path = MudViewController.swift; sourceTree = "<group>"; };
		AE195A5D1D1944BF00B626E5 /* UIApplication+Category.swift */ = {isa = PBXFileReference; fileEncoding = 4; lastKnownFileType = sourcecode.swift; path = "UIApplication+Category.swift"; sourceTree = "<group>"; };
		AE195A5E1D1944BF00B626E5 /* UIBarButtonItem+extension.swift */ = {isa = PBXFileReference; fileEncoding = 4; lastKnownFileType = sourcecode.swift; path = "UIBarButtonItem+extension.swift"; sourceTree = "<group>"; };
		AE195A5F1D1944BF00B626E5 /* UIColor+Category.swift */ = {isa = PBXFileReference; fileEncoding = 4; lastKnownFileType = sourcecode.swift; path = "UIColor+Category.swift"; sourceTree = "<group>"; };
		AE195A601D1944BF00B626E5 /* UIDevice+Extension.swift */ = {isa = PBXFileReference; fileEncoding = 4; lastKnownFileType = sourcecode.swift; path = "UIDevice+Extension.swift"; sourceTree = "<group>"; };
		AE195A611D1944BF00B626E5 /* UIImage+Category.swift */ = {isa = PBXFileReference; fileEncoding = 4; lastKnownFileType = sourcecode.swift; path = "UIImage+Category.swift"; sourceTree = "<group>"; };
		AE195A621D1944BF00B626E5 /* UIImage+Named.swift */ = {isa = PBXFileReference; fileEncoding = 4; lastKnownFileType = sourcecode.swift; path = "UIImage+Named.swift"; sourceTree = "<group>"; };
		AE195A631D1944BF00B626E5 /* UIImageView+Larger.swift */ = {isa = PBXFileReference; fileEncoding = 4; lastKnownFileType = sourcecode.swift; path = "UIImageView+Larger.swift"; sourceTree = "<group>"; };
		AE195A641D1944BF00B626E5 /* UIView+Category.swift */ = {isa = PBXFileReference; fileEncoding = 4; lastKnownFileType = sourcecode.swift; path = "UIView+Category.swift"; sourceTree = "<group>"; };
		AE195A661D1944BF00B626E5 /* MudActionSheet.swift */ = {isa = PBXFileReference; fileEncoding = 4; lastKnownFileType = sourcecode.swift; path = MudActionSheet.swift; sourceTree = "<group>"; };
		AE195A671D1944BF00B626E5 /* MudBadgeButton.swift */ = {isa = PBXFileReference; fileEncoding = 4; lastKnownFileType = sourcecode.swift; path = MudBadgeButton.swift; sourceTree = "<group>"; };
		AE195A681D1944BF00B626E5 /* MudCornerLabel.swift */ = {isa = PBXFileReference; fileEncoding = 4; lastKnownFileType = sourcecode.swift; path = MudCornerLabel.swift; sourceTree = "<group>"; };
		AE195A691D1944BF00B626E5 /* MudDatePicker.swift */ = {isa = PBXFileReference; fileEncoding = 4; lastKnownFileType = sourcecode.swift; path = MudDatePicker.swift; sourceTree = "<group>"; };
		AE195A6A1D1944BF00B626E5 /* MudImageBrowserViewController.swift */ = {isa = PBXFileReference; fileEncoding = 4; lastKnownFileType = sourcecode.swift; path = MudImageBrowserViewController.swift; sourceTree = "<group>"; };
		AE195A6B1D1944BF00B626E5 /* MudLoadMoreFootView.swift */ = {isa = PBXFileReference; fileEncoding = 4; lastKnownFileType = sourcecode.swift; path = MudLoadMoreFootView.swift; sourceTree = "<group>"; };
		AE195A6C1D1944BF00B626E5 /* MudRectangleImageView.swift */ = {isa = PBXFileReference; fileEncoding = 4; lastKnownFileType = sourcecode.swift; path = MudRectangleImageView.swift; sourceTree = "<group>"; };
		AE195A6D1D1944BF00B626E5 /* MudRefreshControl.swift */ = {isa = PBXFileReference; fileEncoding = 4; lastKnownFileType = sourcecode.swift; path = MudRefreshControl.swift; sourceTree = "<group>"; };
		AE195A6E1D1944BF00B626E5 /* MudRefreshView.swift */ = {isa = PBXFileReference; fileEncoding = 4; lastKnownFileType = sourcecode.swift; path = MudRefreshView.swift; sourceTree = "<group>"; };
		AE195A6F1D1944BF00B626E5 /* MudRoundImageView.swift */ = {isa = PBXFileReference; fileEncoding = 4; lastKnownFileType = sourcecode.swift; path = MudRoundImageView.swift; sourceTree = "<group>"; };
		AE195A701D1944BF00B626E5 /* MudSearchBar.swift */ = {isa = PBXFileReference; fileEncoding = 4; lastKnownFileType = sourcecode.swift; path = MudSearchBar.swift; sourceTree = "<group>"; };
		AE195A711D1944BF00B626E5 /* MudSizeFitLabel.swift */ = {isa = PBXFileReference; fileEncoding = 4; lastKnownFileType = sourcecode.swift; path = MudSizeFitLabel.swift; sourceTree = "<group>"; };
		AE195A721D1944BF00B626E5 /* MudSpring.swift */ = {isa = PBXFileReference; fileEncoding = 4; lastKnownFileType = sourcecode.swift; path = MudSpring.swift; sourceTree = "<group>"; };
		AE195A731D1944BF00B626E5 /* MudSpringButton.swift */ = {isa = PBXFileReference; fileEncoding = 4; lastKnownFileType = sourcecode.swift; path = MudSpringButton.swift; sourceTree = "<group>"; };
		AE195A741D1944BF00B626E5 /* MudSpringLabel.swift */ = {isa = PBXFileReference; fileEncoding = 4; lastKnownFileType = sourcecode.swift; path = MudSpringLabel.swift; sourceTree = "<group>"; };
		AE195A751D1944BF00B626E5 /* MudStarOverlayImageView.swift */ = {isa = PBXFileReference; fileEncoding = 4; lastKnownFileType = sourcecode.swift; path = MudStarOverlayImageView.swift; sourceTree = "<group>"; };
		AE195A761D1944BF00B626E5 /* MudStarView.swift */ = {isa = PBXFileReference; fileEncoding = 4; lastKnownFileType = sourcecode.swift; path = MudStarView.swift; sourceTree = "<group>"; };
		AE195A771D1944BF00B626E5 /* MudTableViewCell.swift */ = {isa = PBXFileReference; fileEncoding = 4; lastKnownFileType = sourcecode.swift; path = MudTableViewCell.swift; sourceTree = "<group>"; };
		AE195A781D1944BF00B626E5 /* MudTabPageBar.swift */ = {isa = PBXFileReference; fileEncoding = 4; lastKnownFileType = sourcecode.swift; path = MudTabPageBar.swift; sourceTree = "<group>"; };
		AE195A791D1944BF00B626E5 /* MudTabPageBarItem.swift */ = {isa = PBXFileReference; fileEncoding = 4; lastKnownFileType = sourcecode.swift; path = MudTabPageBarItem.swift; sourceTree = "<group>"; };
		AE195A7A1D1944BF00B626E5 /* MudTabPagesView.swift */ = {isa = PBXFileReference; fileEncoding = 4; lastKnownFileType = sourcecode.swift; path = MudTabPagesView.swift; sourceTree = "<group>"; };
		AE195A7B1D1944BF00B626E5 /* MudTextView.swift */ = {isa = PBXFileReference; fileEncoding = 4; lastKnownFileType = sourcecode.swift; path = MudTextView.swift; sourceTree = "<group>"; };
		AE195A7C1D1944BF00B626E5 /* MudVerticalLayoutButton.swift */ = {isa = PBXFileReference; fileEncoding = 4; lastKnownFileType = sourcecode.swift; path = MudVerticalLayoutButton.swift; sourceTree = "<group>"; };
		AE195AAC1D194A0200B626E5 /* MudColor.swift */ = {isa = PBXFileReference; fileEncoding = 4; lastKnownFileType = sourcecode.swift; path = MudColor.swift; sourceTree = "<group>"; };
		AE195AAE1D194A4200B626E5 /* MudFont.swift */ = {isa = PBXFileReference; fileEncoding = 4; lastKnownFileType = sourcecode.swift; path = MudFont.swift; sourceTree = "<group>"; };
		AE5415D11CE5815E00570E23 /* Base */ = {isa = PBXFileReference; lastKnownFileType = text.plist.strings; name = Base; path = Base.lproj/MudLocalization.strings; sourceTree = "<group>"; };
		AE5415D21CE5815E00570E23 /* en */ = {isa = PBXFileReference; lastKnownFileType = text.plist.strings; name = en; path = en.lproj/MudLocalization.strings; sourceTree = "<group>"; };
		AE5415D31CE5815E00570E23 /* MudLocationManager.swift */ = {isa = PBXFileReference; fileEncoding = 4; lastKnownFileType = sourcecode.swift; path = MudLocationManager.swift; sourceTree = "<group>"; };
		AE5415D41CE5815E00570E23 /* zh-Hans */ = {isa = PBXFileReference; lastKnownFileType = text.plist.strings; name = "zh-Hans"; path = "zh-Hans.lproj/MudLocalization.strings"; sourceTree = "<group>"; };
		AE5415D71CE5815E00570E23 /* MudKeyChainManager.swift */ = {isa = PBXFileReference; fileEncoding = 4; lastKnownFileType = sourcecode.swift; path = MudKeyChainManager.swift; sourceTree = "<group>"; };
		AE5415D81CE5815E00570E23 /* MudLocalString.swift */ = {isa = PBXFileReference; fileEncoding = 4; lastKnownFileType = sourcecode.swift; path = MudLocalString.swift; sourceTree = "<group>"; };
		AE5415DA1CE5815E00570E23 /* MudRequestBase.swift */ = {isa = PBXFileReference; fileEncoding = 4; lastKnownFileType = sourcecode.swift; path = MudRequestBase.swift; sourceTree = "<group>"; };
		AE5415DB1CE5815E00570E23 /* MudRequestCenter.swift */ = {isa = PBXFileReference; fileEncoding = 4; lastKnownFileType = sourcecode.swift; path = MudRequestCenter.swift; sourceTree = "<group>"; };
		AE5415DC1CE5815E00570E23 /* String+Category.swift */ = {isa = PBXFileReference; fileEncoding = 4; lastKnownFileType = sourcecode.swift; path = "String+Category.swift"; sourceTree = "<group>"; };
		AE5415DE1CE5815E00570E23 /* MudHttpReqManager.swift */ = {isa = PBXFileReference; fileEncoding = 4; lastKnownFileType = sourcecode.swift; path = MudHttpReqManager.swift; sourceTree = "<group>"; };
		AE5415DF1CE5815E00570E23 /* MudHTTPRequestSerializer.swift */ = {isa = PBXFileReference; fileEncoding = 4; lastKnownFileType = sourcecode.swift; path = MudHTTPRequestSerializer.swift; sourceTree = "<group>"; };
		AE5415E01CE5815E00570E23 /* MudHTTPResponseSerializer.swift */ = {isa = PBXFileReference; fileEncoding = 4; lastKnownFileType = sourcecode.swift; path = MudHTTPResponseSerializer.swift; sourceTree = "<group>"; };
		AE5415E11CE5815E00570E23 /* MudHttpSessionManager.swift */ = {isa = PBXFileReference; fileEncoding = 4; lastKnownFileType = sourcecode.swift; path = MudHttpSessionManager.swift; sourceTree = "<group>"; };
		AE5415E21CE5815E00570E23 /* MudURLRequest.swift */ = {isa = PBXFileReference; fileEncoding = 4; lastKnownFileType = sourcecode.swift; path = MudURLRequest.swift; sourceTree = "<group>"; };
		AE5415E31CE5815E00570E23 /* MudURLSessionManager.swift */ = {isa = PBXFileReference; fileEncoding = 4; lastKnownFileType = sourcecode.swift; path = MudURLSessionManager.swift; sourceTree = "<group>"; };
		AE5415E51CE5815E00570E23 /* Array+Category.swift */ = {isa = PBXFileReference; fileEncoding = 4; lastKnownFileType = sourcecode.swift; path = "Array+Category.swift"; sourceTree = "<group>"; };
		AE5415E61CE5815E00570E23 /* Dictionary+Category.swift */ = {isa = PBXFileReference; fileEncoding = 4; lastKnownFileType = sourcecode.swift; path = "Dictionary+Category.swift"; sourceTree = "<group>"; };
		AE5415E71CE5815E00570E23 /* Int+Convert.swift */ = {isa = PBXFileReference; fileEncoding = 4; lastKnownFileType = sourcecode.swift; path = "Int+Convert.swift"; sourceTree = "<group>"; };
		AE5415E81CE5815E00570E23 /* Int+extension.swift */ = {isa = PBXFileReference; fileEncoding = 4; lastKnownFileType = sourcecode.swift; path = "Int+extension.swift"; sourceTree = "<group>"; };
		AE5415E91CE5815E00570E23 /* NSDate+Extention.swift */ = {isa = PBXFileReference; fileEncoding = 4; lastKnownFileType = sourcecode.swift; path = "NSDate+Extention.swift"; sourceTree = "<group>"; };
		AE5415EC1CE5815E00570E23 /* NSError+extension.swift */ = {isa = PBXFileReference; fileEncoding = 4; lastKnownFileType = sourcecode.swift; path = "NSError+extension.swift"; sourceTree = "<group>"; };
		AE5415ED1CE5815E00570E23 /* NSJSONSerialization+Category.swift */ = {isa = PBXFileReference; fileEncoding = 4; lastKnownFileType = sourcecode.swift; path = "NSJSONSerialization+Category.swift"; sourceTree = "<group>"; };
		AE5415EE1CE5815E00570E23 /* NSLocale+Extension.swift */ = {isa = PBXFileReference; fileEncoding = 4; lastKnownFileType = sourcecode.swift; path = "NSLocale+Extension.swift"; sourceTree = "<group>"; };
		AE5415EF1CE5815E00570E23 /* String+Convert.swift */ = {isa = PBXFileReference; fileEncoding = 4; lastKnownFileType = sourcecode.swift; path = "String+Convert.swift"; sourceTree = "<group>"; };
		AE5415F11CE5815E00570E23 /* typealias.swift */ = {isa = PBXFileReference; fileEncoding = 4; lastKnownFileType = sourcecode.swift; path = typealias.swift; sourceTree = "<group>"; };
		AE5415F21CE5815E00570E23 /* Info.plist */ = {isa = PBXFileReference; fileEncoding = 4; lastKnownFileType = text.plist.xml; path = Info.plist; sourceTree = "<group>"; };
		AE5415F41CE5815E00570E23 /* MudMacro.swift */ = {isa = PBXFileReference; fileEncoding = 4; lastKnownFileType = sourcecode.swift; path = MudMacro.swift; sourceTree = "<group>"; };
		AE5415F51CE5815E00570E23 /* MudResource.bundle */ = {isa = PBXFileReference; lastKnownFileType = "wrapper.plug-in"; path = MudResource.bundle; sourceTree = "<group>"; };
/* End PBXFileReference section */

/* Begin PBXFrameworksBuildPhase section */
		64AAF6941A75DD68001366A7 /* Frameworks */ = {
			isa = PBXFrameworksBuildPhase;
			buildActionMask = 2147483647;
			files = (
			);
			runOnlyForDeploymentPostprocessing = 0;
		};
		64AAF6A01A75DD68001366A7 /* Frameworks */ = {
			isa = PBXFrameworksBuildPhase;
			buildActionMask = 2147483647;
			files = (
				64AAF6A41A75DD68001366A7 /* MudFramework.framework in Frameworks */,
			);
			runOnlyForDeploymentPostprocessing = 0;
		};
/* End PBXFrameworksBuildPhase section */

/* Begin PBXGroup section */
		64AAF68E1A75DD68001366A7 = {
			isa = PBXGroup;
			children = (
				AE5415CE1CE5815E00570E23 /* MudFramework_Swift */,
				64AAF6A71A75DD68001366A7 /* MudFramework_SwiftTests */,
				64AAF6991A75DD68001366A7 /* Products */,
			);
			sourceTree = "<group>";
		};
		64AAF6991A75DD68001366A7 /* Products */ = {
			isa = PBXGroup;
			children = (
				64AAF6981A75DD68001366A7 /* MudFramework.framework */,
				64AAF6A31A75DD68001366A7 /* MudFramework_SwiftTests.xctest */,
			);
			name = Products;
			sourceTree = "<group>";
		};
		64AAF6A71A75DD68001366A7 /* MudFramework_SwiftTests */ = {
			isa = PBXGroup;
			children = (
				64AAF6AA1A75DD68001366A7 /* MudFramework_SwiftTests.swift */,
				64AAF6A81A75DD68001366A7 /* Supporting Files */,
			);
			path = MudFramework_SwiftTests;
			sourceTree = "<group>";
		};
		64AAF6A81A75DD68001366A7 /* Supporting Files */ = {
			isa = PBXGroup;
			children = (
				64AAF6A91A75DD68001366A7 /* Info.plist */,
			);
			name = "Supporting Files";
			sourceTree = "<group>";
		};
		AE195A521D1944BF00B626E5 /* UIKit */ = {
			isa = PBXGroup;
			children = (
				AE195A531D1944BF00B626E5 /* Category */,
				AE195A541D1944BF00B626E5 /* MudFullScreenViewController.swift */,
				AE195A551D1944BF00B626E5 /* MudLeftImageView.swift */,
				AE195A561D1944BF00B626E5 /* MudNavigationBar.swift */,
				AE195A571D1944BF00B626E5 /* MudNavigationController.swift */,
				AE195A581D1944BF00B626E5 /* MudNavigationView.swift */,
				AE195A591D1944BF00B626E5 /* MudTableView.swift */,
				AE195A5A1D1944BF00B626E5 /* MudTableViewController.swift */,
				AE195A5B1D1944BF00B626E5 /* MudViewController.swift */,
				AE195A5C1D1944BF00B626E5 /* UIKit+Category */,
				AE195A651D1944BF00B626E5 /* UIKit+CustomView */,
			);
			path = UIKit;
			sourceTree = "<group>";
		};
		AE195A531D1944BF00B626E5 /* Category */ = {
			isa = PBXGroup;
			children = (
			);
			path = Category;
			sourceTree = "<group>";
		};
		AE195A5C1D1944BF00B626E5 /* UIKit+Category */ = {
			isa = PBXGroup;
			children = (
				AE195A5D1D1944BF00B626E5 /* UIApplication+Category.swift */,
				AE195A5E1D1944BF00B626E5 /* UIBarButtonItem+extension.swift */,
				AE195A5F1D1944BF00B626E5 /* UIColor+Category.swift */,
				AE195A601D1944BF00B626E5 /* UIDevice+Extension.swift */,
				AE195A611D1944BF00B626E5 /* UIImage+Category.swift */,
				AE195A621D1944BF00B626E5 /* UIImage+Named.swift */,
				AE195A631D1944BF00B626E5 /* UIImageView+Larger.swift */,
				AE195A641D1944BF00B626E5 /* UIView+Category.swift */,
			);
			path = "UIKit+Category";
			sourceTree = "<group>";
		};
		AE195A651D1944BF00B626E5 /* UIKit+CustomView */ = {
			isa = PBXGroup;
			children = (
				AE195A661D1944BF00B626E5 /* MudActionSheet.swift */,
				AE195A671D1944BF00B626E5 /* MudBadgeButton.swift */,
				AE195A681D1944BF00B626E5 /* MudCornerLabel.swift */,
				AE195A691D1944BF00B626E5 /* MudDatePicker.swift */,
				AE195A6A1D1944BF00B626E5 /* MudImageBrowserViewController.swift */,
				AE195A6B1D1944BF00B626E5 /* MudLoadMoreFootView.swift */,
				AE195A6C1D1944BF00B626E5 /* MudRectangleImageView.swift */,
				AE195A6D1D1944BF00B626E5 /* MudRefreshControl.swift */,
				AE195A6E1D1944BF00B626E5 /* MudRefreshView.swift */,
				AE195A6F1D1944BF00B626E5 /* MudRoundImageView.swift */,
				AE195A701D1944BF00B626E5 /* MudSearchBar.swift */,
				AE195A711D1944BF00B626E5 /* MudSizeFitLabel.swift */,
				AE195A721D1944BF00B626E5 /* MudSpring.swift */,
				AE195A731D1944BF00B626E5 /* MudSpringButton.swift */,
				AE195A741D1944BF00B626E5 /* MudSpringLabel.swift */,
				AE195A751D1944BF00B626E5 /* MudStarOverlayImageView.swift */,
				AE195A761D1944BF00B626E5 /* MudStarView.swift */,
				AE195A771D1944BF00B626E5 /* MudTableViewCell.swift */,
				AE195A781D1944BF00B626E5 /* MudTabPageBar.swift */,
				AE195A791D1944BF00B626E5 /* MudTabPageBarItem.swift */,
				AE195A7A1D1944BF00B626E5 /* MudTabPagesView.swift */,
				AE195A7B1D1944BF00B626E5 /* MudTextView.swift */,
				AE195A7C1D1944BF00B626E5 /* MudVerticalLayoutButton.swift */,
				AE195AAC1D194A0200B626E5 /* MudColor.swift */,
				AE195AAE1D194A4200B626E5 /* MudFont.swift */,
			);
			path = "UIKit+CustomView";
			sourceTree = "<group>";
		};
		AE5415CE1CE5815E00570E23 /* MudFramework_Swift */ = {
			isa = PBXGroup;
			children = (
				AE195A521D1944BF00B626E5 /* UIKit */,
				AE5415F21CE5815E00570E23 /* Info.plist */,
				AE5415CF1CE5815E00570E23 /* CoreLocation */,
				AE5415D51CE5815E00570E23 /* Foundation */,
				AE5415F31CE5815E00570E23 /* Macro */,
				AE5415F51CE5815E00570E23 /* MudResource.bundle */,
			);
			path = MudFramework_Swift;
			sourceTree = "<group>";
		};
		AE5415CF1CE5815E00570E23 /* CoreLocation */ = {
			isa = PBXGroup;
			children = (
				AE5415D01CE5815E00570E23 /* MudLocalization.strings */,
				AE5415D31CE5815E00570E23 /* MudLocationManager.swift */,
			);
			path = CoreLocation;
			sourceTree = "<group>";
		};
		AE5415D51CE5815E00570E23 /* Foundation */ = {
			isa = PBXGroup;
			children = (
				AE5415D61CE5815E00570E23 /* Foundation+Custom */,
				AE5415DD1CE5815E00570E23 /* Foundation+Http */,
				AE5415E41CE5815E00570E23 /* Foundation+NS */,
				AE5415F01CE5815E00570E23 /* Util */,
			);
			path = Foundation;
			sourceTree = "<group>";
		};
		AE5415D61CE5815E00570E23 /* Foundation+Custom */ = {
			isa = PBXGroup;
			children = (
				AE5415D71CE5815E00570E23 /* MudKeyChainManager.swift */,
				AE5415D81CE5815E00570E23 /* MudLocalString.swift */,
				AE5415DA1CE5815E00570E23 /* MudRequestBase.swift */,
				AE5415DB1CE5815E00570E23 /* MudRequestCenter.swift */,
				AE5415DC1CE5815E00570E23 /* String+Category.swift */,
			);
			path = "Foundation+Custom";
			sourceTree = "<group>";
		};
		AE5415DD1CE5815E00570E23 /* Foundation+Http */ = {
			isa = PBXGroup;
			children = (
				AE5415DE1CE5815E00570E23 /* MudHttpReqManager.swift */,
				AE5415DF1CE5815E00570E23 /* MudHTTPRequestSerializer.swift */,
				AE5415E01CE5815E00570E23 /* MudHTTPResponseSerializer.swift */,
				AE5415E11CE5815E00570E23 /* MudHttpSessionManager.swift */,
				AE5415E21CE5815E00570E23 /* MudURLRequest.swift */,
				AE5415E31CE5815E00570E23 /* MudURLSessionManager.swift */,
			);
			path = "Foundation+Http";
			sourceTree = "<group>";
		};
		AE5415E41CE5815E00570E23 /* Foundation+NS */ = {
			isa = PBXGroup;
			children = (
				AE5415E51CE5815E00570E23 /* Array+Category.swift */,
				AE5415E61CE5815E00570E23 /* Dictionary+Category.swift */,
				AE5415E71CE5815E00570E23 /* Int+Convert.swift */,
				AE5415E81CE5815E00570E23 /* Int+extension.swift */,
				AE5415E91CE5815E00570E23 /* NSDate+Extention.swift */,
				AE5415EC1CE5815E00570E23 /* NSError+extension.swift */,
				AE5415ED1CE5815E00570E23 /* NSJSONSerialization+Category.swift */,
				AE5415EE1CE5815E00570E23 /* NSLocale+Extension.swift */,
				AE5415EF1CE5815E00570E23 /* String+Convert.swift */,
			);
			path = "Foundation+NS";
			sourceTree = "<group>";
		};
		AE5415F01CE5815E00570E23 /* Util */ = {
			isa = PBXGroup;
			children = (
				AE5415F11CE5815E00570E23 /* typealias.swift */,
			);
			path = Util;
			sourceTree = "<group>";
		};
		AE5415F31CE5815E00570E23 /* Macro */ = {
			isa = PBXGroup;
			children = (
				AE5415F41CE5815E00570E23 /* MudMacro.swift */,
			);
			path = Macro;
			sourceTree = "<group>";
		};
/* End PBXGroup section */

/* Begin PBXHeadersBuildPhase section */
		64AAF6951A75DD68001366A7 /* Headers */ = {
			isa = PBXHeadersBuildPhase;
			buildActionMask = 2147483647;
			files = (
			);
			runOnlyForDeploymentPostprocessing = 0;
		};
/* End PBXHeadersBuildPhase section */

/* Begin PBXNativeTarget section */
		64AAF6971A75DD68001366A7 /* MudFramework_Swift */ = {
			isa = PBXNativeTarget;
			buildConfigurationList = 64AAF6AE1A75DD68001366A7 /* Build configuration list for PBXNativeTarget "MudFramework_Swift" */;
			buildPhases = (
				64AAF6931A75DD68001366A7 /* Sources */,
				64AAF6941A75DD68001366A7 /* Frameworks */,
				64AAF6951A75DD68001366A7 /* Headers */,
				64AAF6961A75DD68001366A7 /* Resources */,
			);
			buildRules = (
			);
			dependencies = (
			);
			name = MudFramework_Swift;
			productName = MudFramework_Swift;
			productReference = 64AAF6981A75DD68001366A7 /* MudFramework.framework */;
			productType = "com.apple.product-type.framework";
		};
		64AAF6A21A75DD68001366A7 /* MudFramework_SwiftTests */ = {
			isa = PBXNativeTarget;
			buildConfigurationList = 64AAF6B11A75DD68001366A7 /* Build configuration list for PBXNativeTarget "MudFramework_SwiftTests" */;
			buildPhases = (
				64AAF69F1A75DD68001366A7 /* Sources */,
				64AAF6A01A75DD68001366A7 /* Frameworks */,
				64AAF6A11A75DD68001366A7 /* Resources */,
			);
			buildRules = (
			);
			dependencies = (
				64AAF6A61A75DD68001366A7 /* PBXTargetDependency */,
			);
			name = MudFramework_SwiftTests;
			productName = MudFramework_SwiftTests;
			productReference = 64AAF6A31A75DD68001366A7 /* MudFramework_SwiftTests.xctest */;
			productType = "com.apple.product-type.bundle.unit-test";
		};
/* End PBXNativeTarget section */

/* Begin PBXProject section */
		64AAF68F1A75DD68001366A7 /* Project object */ = {
			isa = PBXProject;
			attributes = {
				LastSwiftUpdateCheck = 0730;
				LastUpgradeCheck = 0610;
				ORGANIZATIONNAME = Mudmen;
				TargetAttributes = {
					64AAF6971A75DD68001366A7 = {
						CreatedOnToolsVersion = 6.1.1;
					};
					64AAF6A21A75DD68001366A7 = {
						CreatedOnToolsVersion = 6.1.1;
					};
				};
			};
			buildConfigurationList = 64AAF6921A75DD68001366A7 /* Build configuration list for PBXProject "MudFramework_Swift" */;
			compatibilityVersion = "Xcode 3.2";
			developmentRegion = English;
			hasScannedForEncodings = 0;
			knownRegions = (
				en,
				"zh-Hans",
				Base,
			);
			mainGroup = 64AAF68E1A75DD68001366A7;
			productRefGroup = 64AAF6991A75DD68001366A7 /* Products */;
			projectDirPath = "";
			projectRoot = "";
			targets = (
				64AAF6971A75DD68001366A7 /* MudFramework_Swift */,
				64AAF6A21A75DD68001366A7 /* MudFramework_SwiftTests */,
			);
		};
/* End PBXProject section */

/* Begin PBXResourcesBuildPhase section */
		64AAF6961A75DD68001366A7 /* Resources */ = {
			isa = PBXResourcesBuildPhase;
			buildActionMask = 2147483647;
			files = (
			);
			runOnlyForDeploymentPostprocessing = 0;
		};
		64AAF6A11A75DD68001366A7 /* Resources */ = {
			isa = PBXResourcesBuildPhase;
			buildActionMask = 2147483647;
			files = (
			);
			runOnlyForDeploymentPostprocessing = 0;
		};
/* End PBXResourcesBuildPhase section */

/* Begin PBXSourcesBuildPhase section */
		64AAF6931A75DD68001366A7 /* Sources */ = {
			isa = PBXSourcesBuildPhase;
			buildActionMask = 2147483647;
			files = (
				AE5416451CE5815E00570E23 /* NSError+extension.swift in Sources */,
				AE195A8B1D1944BF00B626E5 /* UIImageView+Larger.swift in Sources */,
				AE195A7E1D1944BF00B626E5 /* MudLeftImageView.swift in Sources */,
				AE5416331CE5815E00570E23 /* MudLocalString.swift in Sources */,
				AE54163B1CE5815E00570E23 /* MudHttpSessionManager.swift in Sources */,
				AE5416401CE5815E00570E23 /* Int+Convert.swift in Sources */,
				AE195A7D1D1944BF00B626E5 /* MudFullScreenViewController.swift in Sources */,
				AE195A9D1D1944BF00B626E5 /* MudStarView.swift in Sources */,
				AE5416321CE5815E00570E23 /* MudKeyChainManager.swift in Sources */,
				AE195A9F1D1944BF00B626E5 /* MudTabPageBar.swift in Sources */,
				AE54164B1CE5815E00570E23 /* MudMacro.swift in Sources */,
				AE195A881D1944BF00B626E5 /* UIDevice+Extension.swift in Sources */,
				AE195A9B1D1944BF00B626E5 /* MudSpringLabel.swift in Sources */,
				AE195AAD1D194A0200B626E5 /* MudColor.swift in Sources */,
				AE195A921D1944BF00B626E5 /* MudLoadMoreFootView.swift in Sources */,
				AE195A961D1944BF00B626E5 /* MudRoundImageView.swift in Sources */,
				AE195A801D1944BF00B626E5 /* MudNavigationController.swift in Sources */,
				AE54163C1CE5815E00570E23 /* MudURLRequest.swift in Sources */,
				AE195A9E1D1944BF00B626E5 /* MudTableViewCell.swift in Sources */,
				AE195A8D1D1944BF00B626E5 /* MudActionSheet.swift in Sources */,
				AE195A941D1944BF00B626E5 /* MudRefreshControl.swift in Sources */,
				AE195AA11D1944BF00B626E5 /* MudTabPagesView.swift in Sources */,
				AE195A951D1944BF00B626E5 /* MudRefreshView.swift in Sources */,
				AE195A8E1D1944BF00B626E5 /* MudBadgeButton.swift in Sources */,
				AE54163F1CE5815E00570E23 /* Dictionary+Category.swift in Sources */,
				AE195A9A1D1944BF00B626E5 /* MudSpringButton.swift in Sources */,
				AE195A991D1944BF00B626E5 /* MudSpring.swift in Sources */,
				AE195A821D1944BF00B626E5 /* MudTableView.swift in Sources */,
				AE195AA01D1944BF00B626E5 /* MudTabPageBarItem.swift in Sources */,
				AE54163A1CE5815E00570E23 /* MudHTTPResponseSerializer.swift in Sources */,
				AE195AA21D1944BF00B626E5 /* MudTextView.swift in Sources */,
				AE54163D1CE5815E00570E23 /* MudURLSessionManager.swift in Sources */,
				AE195A831D1944BF00B626E5 /* MudTableViewController.swift in Sources */,
				AE5416481CE5815E00570E23 /* String+Convert.swift in Sources */,
				AE5416391CE5815E00570E23 /* MudHTTPRequestSerializer.swift in Sources */,
				AE195AA31D1944BF00B626E5 /* MudVerticalLayoutButton.swift in Sources */,
				AE195A901D1944BF00B626E5 /* MudDatePicker.swift in Sources */,
				AE195AAF1D194A4200B626E5 /* MudFont.swift in Sources */,
				AE5416411CE5815E00570E23 /* Int+extension.swift in Sources */,
				AE195A851D1944BF00B626E5 /* UIApplication+Category.swift in Sources */,
				AE195A861D1944BF00B626E5 /* UIBarButtonItem+extension.swift in Sources */,
				AE5416471CE5815E00570E23 /* NSLocale+Extension.swift in Sources */,
				AE195A9C1D1944BF00B626E5 /* MudStarOverlayImageView.swift in Sources */,
				AE5416381CE5815E00570E23 /* MudHttpReqManager.swift in Sources */,
				AE5416361CE5815E00570E23 /* MudRequestCenter.swift in Sources */,
				AE195A8A1D1944BF00B626E5 /* UIImage+Named.swift in Sources */,
				AE5416371CE5815E00570E23 /* String+Category.swift in Sources */,
				AE195A971D1944BF00B626E5 /* MudSearchBar.swift in Sources */,
				AE5416351CE5815E00570E23 /* MudRequestBase.swift in Sources */,
				AE5416421CE5815E00570E23 /* NSDate+Extention.swift in Sources */,
				AE195A891D1944BF00B626E5 /* UIImage+Category.swift in Sources */,
				AE195A8F1D1944BF00B626E5 /* MudCornerLabel.swift in Sources */,
				AE195A911D1944BF00B626E5 /* MudImageBrowserViewController.swift in Sources */,
				AE5416311CE5815E00570E23 /* MudLocationManager.swift in Sources */,
				AE195A841D1944BF00B626E5 /* MudViewController.swift in Sources */,
				AE195A981D1944BF00B626E5 /* MudSizeFitLabel.swift in Sources */,
				AE195A8C1D1944BF00B626E5 /* UIView+Category.swift in Sources */,
				AE195A7F1D1944BF00B626E5 /* MudNavigationBar.swift in Sources */,
				AE195A871D1944BF00B626E5 /* UIColor+Category.swift in Sources */,
				AE54163E1CE5815E00570E23 /* Array+Category.swift in Sources */,
				AE5416461CE5815E00570E23 /* NSJSONSerialization+Category.swift in Sources */,
				AE195A931D1944BF00B626E5 /* MudRectangleImageView.swift in Sources */,
				AE5416491CE5815E00570E23 /* typealias.swift in Sources */,
				AE195A811D1944BF00B626E5 /* MudNavigationView.swift in Sources */,
			);
			runOnlyForDeploymentPostprocessing = 0;
		};
		64AAF69F1A75DD68001366A7 /* Sources */ = {
			isa = PBXSourcesBuildPhase;
			buildActionMask = 2147483647;
			files = (
				64AAF6AB1A75DD68001366A7 /* MudFramework_SwiftTests.swift in Sources */,
			);
			runOnlyForDeploymentPostprocessing = 0;
		};
/* End PBXSourcesBuildPhase section */

/* Begin PBXTargetDependency section */
		64AAF6A61A75DD68001366A7 /* PBXTargetDependency */ = {
			isa = PBXTargetDependency;
			target = 64AAF6971A75DD68001366A7 /* MudFramework_Swift */;
			targetProxy = 64AAF6A51A75DD68001366A7 /* PBXContainerItemProxy */;
		};
/* End PBXTargetDependency section */

/* Begin PBXVariantGroup section */
		AE5415D01CE5815E00570E23 /* MudLocalization.strings */ = {
			isa = PBXVariantGroup;
			children = (
				AE5415D11CE5815E00570E23 /* Base */,
				AE5415D21CE5815E00570E23 /* en */,
				AE5415D41CE5815E00570E23 /* zh-Hans */,
			);
			name = MudLocalization.strings;
			sourceTree = "<group>";
		};
/* End PBXVariantGroup section */

/* Begin XCBuildConfiguration section */
		64AAF6AC1A75DD68001366A7 /* Debug */ = {
			isa = XCBuildConfiguration;
			buildSettings = {
				ALWAYS_SEARCH_USER_PATHS = NO;
				CLANG_CXX_LANGUAGE_STANDARD = "gnu++0x";
				CLANG_CXX_LIBRARY = "libc++";
				CLANG_ENABLE_MODULES = YES;
				CLANG_ENABLE_OBJC_ARC = YES;
				CLANG_WARN_BOOL_CONVERSION = YES;
				CLANG_WARN_CONSTANT_CONVERSION = YES;
				CLANG_WARN_DIRECT_OBJC_ISA_USAGE = YES_ERROR;
				CLANG_WARN_EMPTY_BODY = YES;
				CLANG_WARN_ENUM_CONVERSION = YES;
				CLANG_WARN_INT_CONVERSION = YES;
				CLANG_WARN_OBJC_ROOT_CLASS = YES_ERROR;
				CLANG_WARN_UNREACHABLE_CODE = YES;
				CLANG_WARN__DUPLICATE_METHOD_MATCH = YES;
				"CODE_SIGN_IDENTITY[sdk=iphoneos*]" = "iPhone Developer";
				COPY_PHASE_STRIP = NO;
				CURRENT_PROJECT_VERSION = 1;
				ENABLE_STRICT_OBJC_MSGSEND = YES;
				GCC_C_LANGUAGE_STANDARD = gnu99;
				GCC_DYNAMIC_NO_PIC = NO;
				GCC_OPTIMIZATION_LEVEL = 0;
				GCC_PREPROCESSOR_DEFINITIONS = (
					"DEBUG=1",
					"$(inherited)",
				);
				GCC_SYMBOLS_PRIVATE_EXTERN = NO;
				GCC_WARN_64_TO_32_BIT_CONVERSION = YES;
				GCC_WARN_ABOUT_RETURN_TYPE = YES_ERROR;
				GCC_WARN_UNDECLARED_SELECTOR = YES;
				GCC_WARN_UNINITIALIZED_AUTOS = YES_AGGRESSIVE;
				GCC_WARN_UNUSED_FUNCTION = YES;
				GCC_WARN_UNUSED_VARIABLE = YES;
				IPHONEOS_DEPLOYMENT_TARGET = 8.0;
				MACH_O_TYPE = mh_dylib;
				MTL_ENABLE_DEBUG_INFO = YES;
				ONLY_ACTIVE_ARCH = YES;
				SDKROOT = iphoneos;
				SWIFT_OPTIMIZATION_LEVEL = "-Onone";
				TARGETED_DEVICE_FAMILY = "1,2";
				VERSIONING_SYSTEM = "apple-generic";
				VERSION_INFO_PREFIX = "";
			};
			name = Debug;
		};
		64AAF6AD1A75DD68001366A7 /* Release */ = {
			isa = XCBuildConfiguration;
			buildSettings = {
				ALWAYS_SEARCH_USER_PATHS = NO;
				CLANG_CXX_LANGUAGE_STANDARD = "gnu++0x";
				CLANG_CXX_LIBRARY = "libc++";
				CLANG_ENABLE_MODULES = YES;
				CLANG_ENABLE_OBJC_ARC = YES;
				CLANG_WARN_BOOL_CONVERSION = YES;
				CLANG_WARN_CONSTANT_CONVERSION = YES;
				CLANG_WARN_DIRECT_OBJC_ISA_USAGE = YES_ERROR;
				CLANG_WARN_EMPTY_BODY = YES;
				CLANG_WARN_ENUM_CONVERSION = YES;
				CLANG_WARN_INT_CONVERSION = YES;
				CLANG_WARN_OBJC_ROOT_CLASS = YES_ERROR;
				CLANG_WARN_UNREACHABLE_CODE = YES;
				CLANG_WARN__DUPLICATE_METHOD_MATCH = YES;
				"CODE_SIGN_IDENTITY[sdk=iphoneos*]" = "iPhone Developer";
				COPY_PHASE_STRIP = YES;
				CURRENT_PROJECT_VERSION = 1;
				ENABLE_NS_ASSERTIONS = NO;
				ENABLE_STRICT_OBJC_MSGSEND = YES;
				GCC_C_LANGUAGE_STANDARD = gnu99;
				GCC_WARN_64_TO_32_BIT_CONVERSION = YES;
				GCC_WARN_ABOUT_RETURN_TYPE = YES_ERROR;
				GCC_WARN_UNDECLARED_SELECTOR = YES;
				GCC_WARN_UNINITIALIZED_AUTOS = YES_AGGRESSIVE;
				GCC_WARN_UNUSED_FUNCTION = YES;
				GCC_WARN_UNUSED_VARIABLE = YES;
				IPHONEOS_DEPLOYMENT_TARGET = 8.0;
				MACH_O_TYPE = mh_dylib;
				MTL_ENABLE_DEBUG_INFO = NO;
				SDKROOT = iphoneos;
				TARGETED_DEVICE_FAMILY = "1,2";
				VALIDATE_PRODUCT = YES;
				VERSIONING_SYSTEM = "apple-generic";
				VERSION_INFO_PREFIX = "";
			};
			name = Release;
		};
		64AAF6AF1A75DD68001366A7 /* Debug */ = {
			isa = XCBuildConfiguration;
			buildSettings = {
				CLANG_ENABLE_MODULES = YES;
				DEFINES_MODULE = YES;
				DYLIB_COMPATIBILITY_VERSION = 1;
				DYLIB_CURRENT_VERSION = 1;
				DYLIB_INSTALL_NAME_BASE = "@rpath";
				INFOPLIST_FILE = MudFramework_Swift/Info.plist;
				INSTALL_PATH = "$(LOCAL_LIBRARY_DIR)/Frameworks";
				IPHONEOS_DEPLOYMENT_TARGET = 8.0;
				LD_RUNPATH_SEARCH_PATHS = "$(inherited) @executable_path/Frameworks @loader_path/Frameworks";
				MACH_O_TYPE = mh_dylib;
				MODULEMAP_FILE = "";
				PRODUCT_NAME = MudFramework;
				SKIP_INSTALL = YES;
				SWIFT_OPTIMIZATION_LEVEL = "-Onone";
				TARGETED_DEVICE_FAMILY = 1;
			};
			name = Debug;
		};
		64AAF6B01A75DD68001366A7 /* Release */ = {
			isa = XCBuildConfiguration;
			buildSettings = {
				CLANG_ENABLE_MODULES = YES;
				DEFINES_MODULE = YES;
				DYLIB_COMPATIBILITY_VERSION = 1;
				DYLIB_CURRENT_VERSION = 1;
				DYLIB_INSTALL_NAME_BASE = "@rpath";
				INFOPLIST_FILE = MudFramework_Swift/Info.plist;
				INSTALL_PATH = "$(LOCAL_LIBRARY_DIR)/Frameworks";
				IPHONEOS_DEPLOYMENT_TARGET = 8.0;
				LD_RUNPATH_SEARCH_PATHS = "$(inherited) @executable_path/Frameworks @loader_path/Frameworks";
				MACH_O_TYPE = mh_dylib;
				MODULEMAP_FILE = "";
				PRODUCT_NAME = MudFramework;
				SKIP_INSTALL = YES;
				TARGETED_DEVICE_FAMILY = 1;
			};
			name = Release;
		};
		64AAF6B21A75DD68001366A7 /* Debug */ = {
			isa = XCBuildConfiguration;
			buildSettings = {
				FRAMEWORK_SEARCH_PATHS = (
					"$(SDKROOT)/Developer/Library/Frameworks",
					"$(inherited)",
				);
				GCC_PREPROCESSOR_DEFINITIONS = (
					"DEBUG=1",
					"$(inherited)",
				);
				INFOPLIST_FILE = MudFramework_SwiftTests/Info.plist;
				LD_RUNPATH_SEARCH_PATHS = "$(inherited) @executable_path/Frameworks @loader_path/Frameworks";
				PRODUCT_NAME = "$(TARGET_NAME)";
			};
			name = Debug;
		};
		64AAF6B31A75DD68001366A7 /* Release */ = {
			isa = XCBuildConfiguration;
			buildSettings = {
				FRAMEWORK_SEARCH_PATHS = (
					"$(SDKROOT)/Developer/Library/Frameworks",
					"$(inherited)",
				);
				INFOPLIST_FILE = MudFramework_SwiftTests/Info.plist;
				LD_RUNPATH_SEARCH_PATHS = "$(inherited) @executable_path/Frameworks @loader_path/Frameworks";
				PRODUCT_NAME = "$(TARGET_NAME)";
			};
			name = Release;
		};
/* End XCBuildConfiguration section */

/* Begin XCConfigurationList section */
		64AAF6921A75DD68001366A7 /* Build configuration list for PBXProject "MudFramework_Swift" */ = {
			isa = XCConfigurationList;
			buildConfigurations = (
				64AAF6AC1A75DD68001366A7 /* Debug */,
				64AAF6AD1A75DD68001366A7 /* Release */,
			);
			defaultConfigurationIsVisible = 0;
			defaultConfigurationName = Release;
		};
		64AAF6AE1A75DD68001366A7 /* Build configuration list for PBXNativeTarget "MudFramework_Swift" */ = {
			isa = XCConfigurationList;
			buildConfigurations = (
				64AAF6AF1A75DD68001366A7 /* Debug */,
				64AAF6B01A75DD68001366A7 /* Release */,
			);
			defaultConfigurationIsVisible = 0;
			defaultConfigurationName = Release;
		};
		64AAF6B11A75DD68001366A7 /* Build configuration list for PBXNativeTarget "MudFramework_SwiftTests" */ = {
			isa = XCConfigurationList;
			buildConfigurations = (
				64AAF6B21A75DD68001366A7 /* Debug */,
				64AAF6B31A75DD68001366A7 /* Release */,
			);
			defaultConfigurationIsVisible = 0;
			defaultConfigurationName = Release;
		};
/* End XCConfigurationList section */
	};
	rootObject = 64AAF68F1A75DD68001366A7 /* Project object */;
}
