// !$*UTF8*$!
{
	archiveVersion = 1;
	classes = {
	};
	objectVersion = 46;
	objects = {

/* Begin PBXBuildFile section */
		64AAF6A41A75DD68001366A7 /* MudFramework_Swift.framework in Frameworks */ = {isa = PBXBuildFile; fileRef = 64AAF6981A75DD68001366A7 /* MudFramework_Swift.framework */; };
		64AAF6AB1A75DD68001366A7 /* MudFramework_SwiftTests.swift in Sources */ = {isa = PBXBuildFile; fileRef = 64AAF6AA1A75DD68001366A7 /* MudFramework_SwiftTests.swift */; };
		64ED49B21AAD4AFC00EFE6FE /* MudLocalization.strings in Resources */ = {isa = PBXBuildFile; fileRef = 64ED49951AAD4AFC00EFE6FE /* MudLocalization.strings */; };
		64ED49B31AAD4AFC00EFE6FE /* MudLocationManager.swift in Sources */ = {isa = PBXBuildFile; fileRef = 64ED49971AAD4AFC00EFE6FE /* MudLocationManager.swift */; };
		64ED49B41AAD4AFC00EFE6FE /* MudLocalString.swift in Sources */ = {isa = PBXBuildFile; fileRef = 64ED499B1AAD4AFC00EFE6FE /* MudLocalString.swift */; };
		64ED49B51AAD4AFC00EFE6FE /* MudManager.swift in Sources */ = {isa = PBXBuildFile; fileRef = 64ED499C1AAD4AFC00EFE6FE /* MudManager.swift */; };
		64ED49B61AAD4AFC00EFE6FE /* MudRequestBase.swift in Sources */ = {isa = PBXBuildFile; fileRef = 64ED499D1AAD4AFC00EFE6FE /* MudRequestBase.swift */; };
		64ED49B71AAD4AFC00EFE6FE /* MudRequestCenter.swift in Sources */ = {isa = PBXBuildFile; fileRef = 64ED499E1AAD4AFC00EFE6FE /* MudRequestCenter.swift */; };
		64ED49B81AAD4AFC00EFE6FE /* NSError+extension.swift in Sources */ = {isa = PBXBuildFile; fileRef = 64ED49A01AAD4AFC00EFE6FE /* NSError+extension.swift */; };
		64ED49B91AAD4AFC00EFE6FE /* NSLocale+Extension.swift in Sources */ = {isa = PBXBuildFile; fileRef = 64ED49A11AAD4AFC00EFE6FE /* NSLocale+Extension.swift */; };
		64ED49BA1AAD4AFC00EFE6FE /* MudMacro.swift in Sources */ = {isa = PBXBuildFile; fileRef = 64ED49A31AAD4AFC00EFE6FE /* MudMacro.swift */; };
		64ED49BB1AAD4AFC00EFE6FE /* MudNavigationBar.swift in Sources */ = {isa = PBXBuildFile; fileRef = 64ED49A51AAD4AFC00EFE6FE /* MudNavigationBar.swift */; };
		64ED49BC1AAD4AFC00EFE6FE /* MudNavigationController.swift in Sources */ = {isa = PBXBuildFile; fileRef = 64ED49A61AAD4AFC00EFE6FE /* MudNavigationController.swift */; };
		64ED49BD1AAD4AFC00EFE6FE /* MudTableViewController.swift in Sources */ = {isa = PBXBuildFile; fileRef = 64ED49A71AAD4AFC00EFE6FE /* MudTableViewController.swift */; };
		64ED49BE1AAD4AFC00EFE6FE /* MudViewController.swift in Sources */ = {isa = PBXBuildFile; fileRef = 64ED49A81AAD4AFC00EFE6FE /* MudViewController.swift */; };
		64ED49BF1AAD4AFC00EFE6FE /* UIBarButtonItem+extension.swift in Sources */ = {isa = PBXBuildFile; fileRef = 64ED49AA1AAD4AFC00EFE6FE /* UIBarButtonItem+extension.swift */; };
		64ED49C01AAD4AFC00EFE6FE /* UIColor+Category.swift in Sources */ = {isa = PBXBuildFile; fileRef = 64ED49AB1AAD4AFC00EFE6FE /* UIColor+Category.swift */; };
		64ED49C11AAD4AFC00EFE6FE /* UIDevice+Extension.swift in Sources */ = {isa = PBXBuildFile; fileRef = 64ED49AC1AAD4AFC00EFE6FE /* UIDevice+Extension.swift */; };
		64ED49C21AAD4AFC00EFE6FE /* UIImage+Category.swift in Sources */ = {isa = PBXBuildFile; fileRef = 64ED49AD1AAD4AFC00EFE6FE /* UIImage+Category.swift */; };
		64ED49C31AAD4AFC00EFE6FE /* MudTabPageBar.swift in Sources */ = {isa = PBXBuildFile; fileRef = 64ED49AF1AAD4AFC00EFE6FE /* MudTabPageBar.swift */; };
		64ED49C41AAD4AFC00EFE6FE /* MudTabPageBarItem.swift in Sources */ = {isa = PBXBuildFile; fileRef = 64ED49B01AAD4AFC00EFE6FE /* MudTabPageBarItem.swift */; };
		64ED49C51AAD4AFC00EFE6FE /* MudTabPagesView.swift in Sources */ = {isa = PBXBuildFile; fileRef = 64ED49B11AAD4AFC00EFE6FE /* MudTabPagesView.swift */; };
		64ED49C61AAD4BB400EFE6FE /* MudLocationManager.swift in Headers */ = {isa = PBXBuildFile; fileRef = 64ED49971AAD4AFC00EFE6FE /* MudLocationManager.swift */; settings = {ATTRIBUTES = (Public, ); }; };
		64ED49C71AAD4BB400EFE6FE /* MudLocalString.swift in Headers */ = {isa = PBXBuildFile; fileRef = 64ED499B1AAD4AFC00EFE6FE /* MudLocalString.swift */; settings = {ATTRIBUTES = (Public, ); }; };
		64ED49C81AAD4BB400EFE6FE /* MudManager.swift in Headers */ = {isa = PBXBuildFile; fileRef = 64ED499C1AAD4AFC00EFE6FE /* MudManager.swift */; settings = {ATTRIBUTES = (Public, ); }; };
		64ED49C91AAD4BB400EFE6FE /* MudRequestBase.swift in Headers */ = {isa = PBXBuildFile; fileRef = 64ED499D1AAD4AFC00EFE6FE /* MudRequestBase.swift */; settings = {ATTRIBUTES = (Public, ); }; };
		64ED49CA1AAD4BB400EFE6FE /* MudRequestCenter.swift in Headers */ = {isa = PBXBuildFile; fileRef = 64ED499E1AAD4AFC00EFE6FE /* MudRequestCenter.swift */; settings = {ATTRIBUTES = (Public, ); }; };
		64ED49CB1AAD4BB400EFE6FE /* NSError+extension.swift in Headers */ = {isa = PBXBuildFile; fileRef = 64ED49A01AAD4AFC00EFE6FE /* NSError+extension.swift */; settings = {ATTRIBUTES = (Public, ); }; };
		64ED49CC1AAD4BB400EFE6FE /* NSLocale+Extension.swift in Headers */ = {isa = PBXBuildFile; fileRef = 64ED49A11AAD4AFC00EFE6FE /* NSLocale+Extension.swift */; settings = {ATTRIBUTES = (Public, ); }; };
		64ED49CD1AAD4BB400EFE6FE /* MudMacro.swift in Headers */ = {isa = PBXBuildFile; fileRef = 64ED49A31AAD4AFC00EFE6FE /* MudMacro.swift */; settings = {ATTRIBUTES = (Public, ); }; };
		64ED49CE1AAD4BB400EFE6FE /* MudNavigationBar.swift in Headers */ = {isa = PBXBuildFile; fileRef = 64ED49A51AAD4AFC00EFE6FE /* MudNavigationBar.swift */; settings = {ATTRIBUTES = (Public, ); }; };
		64ED49CF1AAD4BB400EFE6FE /* MudNavigationController.swift in Headers */ = {isa = PBXBuildFile; fileRef = 64ED49A61AAD4AFC00EFE6FE /* MudNavigationController.swift */; settings = {ATTRIBUTES = (Public, ); }; };
		64ED49D01AAD4BB400EFE6FE /* MudTableViewController.swift in Headers */ = {isa = PBXBuildFile; fileRef = 64ED49A71AAD4AFC00EFE6FE /* MudTableViewController.swift */; settings = {ATTRIBUTES = (Public, ); }; };
		64ED49D11AAD4BB400EFE6FE /* MudViewController.swift in Headers */ = {isa = PBXBuildFile; fileRef = 64ED49A81AAD4AFC00EFE6FE /* MudViewController.swift */; settings = {ATTRIBUTES = (Public, ); }; };
		64ED49D21AAD4BB400EFE6FE /* UIBarButtonItem+extension.swift in Headers */ = {isa = PBXBuildFile; fileRef = 64ED49AA1AAD4AFC00EFE6FE /* UIBarButtonItem+extension.swift */; settings = {ATTRIBUTES = (Public, ); }; };
		64ED49D31AAD4BB400EFE6FE /* UIColor+Category.swift in Headers */ = {isa = PBXBuildFile; fileRef = 64ED49AB1AAD4AFC00EFE6FE /* UIColor+Category.swift */; settings = {ATTRIBUTES = (Public, ); }; };
		64ED49D41AAD4BB400EFE6FE /* UIDevice+Extension.swift in Headers */ = {isa = PBXBuildFile; fileRef = 64ED49AC1AAD4AFC00EFE6FE /* UIDevice+Extension.swift */; settings = {ATTRIBUTES = (Public, ); }; };
		64ED49D51AAD4BB400EFE6FE /* UIImage+Category.swift in Headers */ = {isa = PBXBuildFile; fileRef = 64ED49AD1AAD4AFC00EFE6FE /* UIImage+Category.swift */; settings = {ATTRIBUTES = (Public, ); }; };
		64ED49D61AAD4BB400EFE6FE /* MudTabPageBar.swift in Headers */ = {isa = PBXBuildFile; fileRef = 64ED49AF1AAD4AFC00EFE6FE /* MudTabPageBar.swift */; settings = {ATTRIBUTES = (Public, ); }; };
		64ED49D71AAD4BB400EFE6FE /* MudTabPageBarItem.swift in Headers */ = {isa = PBXBuildFile; fileRef = 64ED49B01AAD4AFC00EFE6FE /* MudTabPageBarItem.swift */; settings = {ATTRIBUTES = (Public, ); }; };
		64ED49D81AAD4BB400EFE6FE /* MudTabPagesView.swift in Headers */ = {isa = PBXBuildFile; fileRef = 64ED49B11AAD4AFC00EFE6FE /* MudTabPagesView.swift */; settings = {ATTRIBUTES = (Public, ); }; };
/* End PBXBuildFile section */

/* Begin PBXContainerItemProxy section */
		64AAF6A51A75DD68001366A7 /* PBXContainerItemProxy */ = {
			isa = PBXContainerItemProxy;
			containerPortal = 64AAF68F1A75DD68001366A7 /* Project object */;
			proxyType = 1;
			remoteGlobalIDString = 64AAF6971A75DD68001366A7;
			remoteInfo = MudFramework_Swift;
		};
/* End PBXContainerItemProxy section */

/* Begin PBXFileReference section */
		64AAF6981A75DD68001366A7 /* MudFramework_Swift.framework */ = {isa = PBXFileReference; explicitFileType = wrapper.framework; includeInIndex = 0; path = MudFramework_Swift.framework; sourceTree = BUILT_PRODUCTS_DIR; };
		64AAF69C1A75DD68001366A7 /* Info.plist */ = {isa = PBXFileReference; lastKnownFileType = text.plist.xml; path = Info.plist; sourceTree = "<group>"; };
		64AAF6A31A75DD68001366A7 /* MudFramework_SwiftTests.xctest */ = {isa = PBXFileReference; explicitFileType = wrapper.cfbundle; includeInIndex = 0; path = MudFramework_SwiftTests.xctest; sourceTree = BUILT_PRODUCTS_DIR; };
		64AAF6A91A75DD68001366A7 /* Info.plist */ = {isa = PBXFileReference; lastKnownFileType = text.plist.xml; path = Info.plist; sourceTree = "<group>"; };
		64AAF6AA1A75DD68001366A7 /* MudFramework_SwiftTests.swift */ = {isa = PBXFileReference; lastKnownFileType = sourcecode.swift; path = MudFramework_SwiftTests.swift; sourceTree = "<group>"; };
		64ED49961AAD4AFC00EFE6FE /* en */ = {isa = PBXFileReference; lastKnownFileType = text.plist.strings; name = en; path = en.lproj/MudLocalization.strings; sourceTree = "<group>"; };
		64ED49971AAD4AFC00EFE6FE /* MudLocationManager.swift */ = {isa = PBXFileReference; fileEncoding = 4; lastKnownFileType = sourcecode.swift; path = MudLocationManager.swift; sourceTree = "<group>"; };
		64ED49981AAD4AFC00EFE6FE /* zh-Hans */ = {isa = PBXFileReference; lastKnownFileType = text.plist.strings; name = "zh-Hans"; path = "zh-Hans.lproj/MudLocalization.strings"; sourceTree = "<group>"; };
		64ED499B1AAD4AFC00EFE6FE /* MudLocalString.swift */ = {isa = PBXFileReference; fileEncoding = 4; lastKnownFileType = sourcecode.swift; path = MudLocalString.swift; sourceTree = "<group>"; };
		64ED499C1AAD4AFC00EFE6FE /* MudManager.swift */ = {isa = PBXFileReference; fileEncoding = 4; lastKnownFileType = sourcecode.swift; path = MudManager.swift; sourceTree = "<group>"; };
		64ED499D1AAD4AFC00EFE6FE /* MudRequestBase.swift */ = {isa = PBXFileReference; fileEncoding = 4; lastKnownFileType = sourcecode.swift; path = MudRequestBase.swift; sourceTree = "<group>"; };
		64ED499E1AAD4AFC00EFE6FE /* MudRequestCenter.swift */ = {isa = PBXFileReference; fileEncoding = 4; lastKnownFileType = sourcecode.swift; path = MudRequestCenter.swift; sourceTree = "<group>"; };
		64ED49A01AAD4AFC00EFE6FE /* NSError+extension.swift */ = {isa = PBXFileReference; fileEncoding = 4; lastKnownFileType = sourcecode.swift; path = "NSError+extension.swift"; sourceTree = "<group>"; };
		64ED49A11AAD4AFC00EFE6FE /* NSLocale+Extension.swift */ = {isa = PBXFileReference; fileEncoding = 4; lastKnownFileType = sourcecode.swift; path = "NSLocale+Extension.swift"; sourceTree = "<group>"; };
		64ED49A31AAD4AFC00EFE6FE /* MudMacro.swift */ = {isa = PBXFileReference; fileEncoding = 4; lastKnownFileType = sourcecode.swift; path = MudMacro.swift; sourceTree = "<group>"; };
		64ED49A51AAD4AFC00EFE6FE /* MudNavigationBar.swift */ = {isa = PBXFileReference; fileEncoding = 4; lastKnownFileType = sourcecode.swift; path = MudNavigationBar.swift; sourceTree = "<group>"; };
		64ED49A61AAD4AFC00EFE6FE /* MudNavigationController.swift */ = {isa = PBXFileReference; fileEncoding = 4; lastKnownFileType = sourcecode.swift; path = MudNavigationController.swift; sourceTree = "<group>"; };
		64ED49A71AAD4AFC00EFE6FE /* MudTableViewController.swift */ = {isa = PBXFileReference; fileEncoding = 4; lastKnownFileType = sourcecode.swift; path = MudTableViewController.swift; sourceTree = "<group>"; };
		64ED49A81AAD4AFC00EFE6FE /* MudViewController.swift */ = {isa = PBXFileReference; fileEncoding = 4; lastKnownFileType = sourcecode.swift; path = MudViewController.swift; sourceTree = "<group>"; };
		64ED49AA1AAD4AFC00EFE6FE /* UIBarButtonItem+extension.swift */ = {isa = PBXFileReference; fileEncoding = 4; lastKnownFileType = sourcecode.swift; path = "UIBarButtonItem+extension.swift"; sourceTree = "<group>"; };
		64ED49AB1AAD4AFC00EFE6FE /* UIColor+Category.swift */ = {isa = PBXFileReference; fileEncoding = 4; lastKnownFileType = sourcecode.swift; path = "UIColor+Category.swift"; sourceTree = "<group>"; };
		64ED49AC1AAD4AFC00EFE6FE /* UIDevice+Extension.swift */ = {isa = PBXFileReference; fileEncoding = 4; lastKnownFileType = sourcecode.swift; path = "UIDevice+Extension.swift"; sourceTree = "<group>"; };
		64ED49AD1AAD4AFC00EFE6FE /* UIImage+Category.swift */ = {isa = PBXFileReference; fileEncoding = 4; lastKnownFileType = sourcecode.swift; path = "UIImage+Category.swift"; sourceTree = "<group>"; };
		64ED49AF1AAD4AFC00EFE6FE /* MudTabPageBar.swift */ = {isa = PBXFileReference; fileEncoding = 4; lastKnownFileType = sourcecode.swift; path = MudTabPageBar.swift; sourceTree = "<group>"; };
		64ED49B01AAD4AFC00EFE6FE /* MudTabPageBarItem.swift */ = {isa = PBXFileReference; fileEncoding = 4; lastKnownFileType = sourcecode.swift; path = MudTabPageBarItem.swift; sourceTree = "<group>"; };
		64ED49B11AAD4AFC00EFE6FE /* MudTabPagesView.swift */ = {isa = PBXFileReference; fileEncoding = 4; lastKnownFileType = sourcecode.swift; path = MudTabPagesView.swift; sourceTree = "<group>"; };
/* End PBXFileReference section */

/* Begin PBXFrameworksBuildPhase section */
		64AAF6941A75DD68001366A7 /* Frameworks */ = {
			isa = PBXFrameworksBuildPhase;
			buildActionMask = 2147483647;
			files = (
			);
			runOnlyForDeploymentPostprocessing = 0;
		};
		64AAF6A01A75DD68001366A7 /* Frameworks */ = {
			isa = PBXFrameworksBuildPhase;
			buildActionMask = 2147483647;
			files = (
				64AAF6A41A75DD68001366A7 /* MudFramework_Swift.framework in Frameworks */,
			);
			runOnlyForDeploymentPostprocessing = 0;
		};
/* End PBXFrameworksBuildPhase section */

/* Begin PBXGroup section */
		64AAF68E1A75DD68001366A7 = {
			isa = PBXGroup;
			children = (
				64AAF69A1A75DD68001366A7 /* MudFramework_Swift */,
				64AAF6A71A75DD68001366A7 /* MudFramework_SwiftTests */,
				64AAF6991A75DD68001366A7 /* Products */,
			);
			sourceTree = "<group>";
		};
		64AAF6991A75DD68001366A7 /* Products */ = {
			isa = PBXGroup;
			children = (
				64AAF6981A75DD68001366A7 /* MudFramework_Swift.framework */,
				64AAF6A31A75DD68001366A7 /* MudFramework_SwiftTests.xctest */,
			);
			name = Products;
			sourceTree = "<group>";
		};
		64AAF69A1A75DD68001366A7 /* MudFramework_Swift */ = {
			isa = PBXGroup;
			children = (
				64ED49941AAD4AFC00EFE6FE /* CoreLocation */,
				64ED49991AAD4AFC00EFE6FE /* Foundation */,
				64ED49A21AAD4AFC00EFE6FE /* Macro */,
				64ED49A41AAD4AFC00EFE6FE /* UIKit */,
				64AAF69B1A75DD68001366A7 /* Supporting Files */,
			);
			path = MudFramework_Swift;
			sourceTree = "<group>";
		};
		64AAF69B1A75DD68001366A7 /* Supporting Files */ = {
			isa = PBXGroup;
			children = (
				64AAF69C1A75DD68001366A7 /* Info.plist */,
			);
			name = "Supporting Files";
			sourceTree = "<group>";
		};
		64AAF6A71A75DD68001366A7 /* MudFramework_SwiftTests */ = {
			isa = PBXGroup;
			children = (
				64AAF6AA1A75DD68001366A7 /* MudFramework_SwiftTests.swift */,
				64AAF6A81A75DD68001366A7 /* Supporting Files */,
			);
			path = MudFramework_SwiftTests;
			sourceTree = "<group>";
		};
		64AAF6A81A75DD68001366A7 /* Supporting Files */ = {
			isa = PBXGroup;
			children = (
				64AAF6A91A75DD68001366A7 /* Info.plist */,
			);
			name = "Supporting Files";
			sourceTree = "<group>";
		};
		64ED49941AAD4AFC00EFE6FE /* CoreLocation */ = {
			isa = PBXGroup;
			children = (
				64ED49951AAD4AFC00EFE6FE /* MudLocalization.strings */,
				64ED49971AAD4AFC00EFE6FE /* MudLocationManager.swift */,
			);
			path = CoreLocation;
			sourceTree = "<group>";
		};
		64ED49991AAD4AFC00EFE6FE /* Foundation */ = {
			isa = PBXGroup;
			children = (
				64ED499A1AAD4AFC00EFE6FE /* Foundation+Custom */,
				64ED499F1AAD4AFC00EFE6FE /* Foundation+NS */,
			);
			path = Foundation;
			sourceTree = "<group>";
		};
		64ED499A1AAD4AFC00EFE6FE /* Foundation+Custom */ = {
			isa = PBXGroup;
			children = (
				64ED499B1AAD4AFC00EFE6FE /* MudLocalString.swift */,
				64ED499C1AAD4AFC00EFE6FE /* MudManager.swift */,
				64ED499D1AAD4AFC00EFE6FE /* MudRequestBase.swift */,
				64ED499E1AAD4AFC00EFE6FE /* MudRequestCenter.swift */,
			);
			path = "Foundation+Custom";
			sourceTree = "<group>";
		};
		64ED499F1AAD4AFC00EFE6FE /* Foundation+NS */ = {
			isa = PBXGroup;
			children = (
				64ED49A01AAD4AFC00EFE6FE /* NSError+extension.swift */,
				64ED49A11AAD4AFC00EFE6FE /* NSLocale+Extension.swift */,
			);
			path = "Foundation+NS";
			sourceTree = "<group>";
		};
		64ED49A21AAD4AFC00EFE6FE /* Macro */ = {
			isa = PBXGroup;
			children = (
				64ED49A31AAD4AFC00EFE6FE /* MudMacro.swift */,
			);
			path = Macro;
			sourceTree = "<group>";
		};
		64ED49A41AAD4AFC00EFE6FE /* UIKit */ = {
			isa = PBXGroup;
			children = (
				64ED49A51AAD4AFC00EFE6FE /* MudNavigationBar.swift */,
				64ED49A61AAD4AFC00EFE6FE /* MudNavigationController.swift */,
				64ED49A71AAD4AFC00EFE6FE /* MudTableViewController.swift */,
				64ED49A81AAD4AFC00EFE6FE /* MudViewController.swift */,
				64ED49A91AAD4AFC00EFE6FE /* UIKit+Category */,
				64ED49AE1AAD4AFC00EFE6FE /* UIKit+CustomView */,
			);
			path = UIKit;
			sourceTree = "<group>";
		};
		64ED49A91AAD4AFC00EFE6FE /* UIKit+Category */ = {
			isa = PBXGroup;
			children = (
				64ED49AA1AAD4AFC00EFE6FE /* UIBarButtonItem+extension.swift */,
				64ED49AB1AAD4AFC00EFE6FE /* UIColor+Category.swift */,
				64ED49AC1AAD4AFC00EFE6FE /* UIDevice+Extension.swift */,
				64ED49AD1AAD4AFC00EFE6FE /* UIImage+Category.swift */,
			);
			path = "UIKit+Category";
			sourceTree = "<group>";
		};
		64ED49AE1AAD4AFC00EFE6FE /* UIKit+CustomView */ = {
			isa = PBXGroup;
			children = (
				64ED49AF1AAD4AFC00EFE6FE /* MudTabPageBar.swift */,
				64ED49B01AAD4AFC00EFE6FE /* MudTabPageBarItem.swift */,
				64ED49B11AAD4AFC00EFE6FE /* MudTabPagesView.swift */,
			);
			path = "UIKit+CustomView";
			sourceTree = "<group>";
		};
/* End PBXGroup section */

/* Begin PBXHeadersBuildPhase section */
		64AAF6951A75DD68001366A7 /* Headers */ = {
			isa = PBXHeadersBuildPhase;
			buildActionMask = 2147483647;
			files = (
				64ED49C61AAD4BB400EFE6FE /* MudLocationManager.swift in Headers */,
				64ED49C71AAD4BB400EFE6FE /* MudLocalString.swift in Headers */,
				64ED49C81AAD4BB400EFE6FE /* MudManager.swift in Headers */,
				64ED49C91AAD4BB400EFE6FE /* MudRequestBase.swift in Headers */,
				64ED49CA1AAD4BB400EFE6FE /* MudRequestCenter.swift in Headers */,
				64ED49CB1AAD4BB400EFE6FE /* NSError+extension.swift in Headers */,
				64ED49CC1AAD4BB400EFE6FE /* NSLocale+Extension.swift in Headers */,
				64ED49CD1AAD4BB400EFE6FE /* MudMacro.swift in Headers */,
				64ED49CE1AAD4BB400EFE6FE /* MudNavigationBar.swift in Headers */,
				64ED49CF1AAD4BB400EFE6FE /* MudNavigationController.swift in Headers */,
				64ED49D01AAD4BB400EFE6FE /* MudTableViewController.swift in Headers */,
				64ED49D11AAD4BB400EFE6FE /* MudViewController.swift in Headers */,
				64ED49D21AAD4BB400EFE6FE /* UIBarButtonItem+extension.swift in Headers */,
				64ED49D31AAD4BB400EFE6FE /* UIColor+Category.swift in Headers */,
				64ED49D41AAD4BB400EFE6FE /* UIDevice+Extension.swift in Headers */,
				64ED49D51AAD4BB400EFE6FE /* UIImage+Category.swift in Headers */,
				64ED49D61AAD4BB400EFE6FE /* MudTabPageBar.swift in Headers */,
				64ED49D71AAD4BB400EFE6FE /* MudTabPageBarItem.swift in Headers */,
				64ED49D81AAD4BB400EFE6FE /* MudTabPagesView.swift in Headers */,
			);
			runOnlyForDeploymentPostprocessing = 0;
		};
/* End PBXHeadersBuildPhase section */

/* Begin PBXNativeTarget section */
		64AAF6971A75DD68001366A7 /* MudFramework_Swift */ = {
			isa = PBXNativeTarget;
			buildConfigurationList = 64AAF6AE1A75DD68001366A7 /* Build configuration list for PBXNativeTarget "MudFramework_Swift" */;
			buildPhases = (
				64AAF6931A75DD68001366A7 /* Sources */,
				64AAF6941A75DD68001366A7 /* Frameworks */,
				64AAF6951A75DD68001366A7 /* Headers */,
				64AAF6961A75DD68001366A7 /* Resources */,
			);
			buildRules = (
			);
			dependencies = (
			);
			name = MudFramework_Swift;
			productName = MudFramework_Swift;
			productReference = 64AAF6981A75DD68001366A7 /* MudFramework_Swift.framework */;
			productType = "com.apple.product-type.framework";
		};
		64AAF6A21A75DD68001366A7 /* MudFramework_SwiftTests */ = {
			isa = PBXNativeTarget;
			buildConfigurationList = 64AAF6B11A75DD68001366A7 /* Build configuration list for PBXNativeTarget "MudFramework_SwiftTests" */;
			buildPhases = (
				64AAF69F1A75DD68001366A7 /* Sources */,
				64AAF6A01A75DD68001366A7 /* Frameworks */,
				64AAF6A11A75DD68001366A7 /* Resources */,
			);
			buildRules = (
			);
			dependencies = (
				64AAF6A61A75DD68001366A7 /* PBXTargetDependency */,
			);
			name = MudFramework_SwiftTests;
			productName = MudFramework_SwiftTests;
			productReference = 64AAF6A31A75DD68001366A7 /* MudFramework_SwiftTests.xctest */;
			productType = "com.apple.product-type.bundle.unit-test";
		};
/* End PBXNativeTarget section */

/* Begin PBXProject section */
		64AAF68F1A75DD68001366A7 /* Project object */ = {
			isa = PBXProject;
			attributes = {
				LastUpgradeCheck = 0610;
				ORGANIZATIONNAME = Mudmen;
				TargetAttributes = {
					64AAF6971A75DD68001366A7 = {
						CreatedOnToolsVersion = 6.1.1;
					};
					64AAF6A21A75DD68001366A7 = {
						CreatedOnToolsVersion = 6.1.1;
					};
				};
			};
			buildConfigurationList = 64AAF6921A75DD68001366A7 /* Build configuration list for PBXProject "MudFramework_Swift" */;
			compatibilityVersion = "Xcode 3.2";
			developmentRegion = English;
			hasScannedForEncodings = 0;
			knownRegions = (
				en,
				"zh-Hans",
			);
			mainGroup = 64AAF68E1A75DD68001366A7;
			productRefGroup = 64AAF6991A75DD68001366A7 /* Products */;
			projectDirPath = "";
			projectRoot = "";
			targets = (
				64AAF6971A75DD68001366A7 /* MudFramework_Swift */,
				64AAF6A21A75DD68001366A7 /* MudFramework_SwiftTests */,
			);
		};
/* End PBXProject section */

/* Begin PBXResourcesBuildPhase section */
		64AAF6961A75DD68001366A7 /* Resources */ = {
			isa = PBXResourcesBuildPhase;
			buildActionMask = 2147483647;
			files = (
				64ED49B21AAD4AFC00EFE6FE /* MudLocalization.strings in Resources */,
			);
			runOnlyForDeploymentPostprocessing = 0;
		};
		64AAF6A11A75DD68001366A7 /* Resources */ = {
			isa = PBXResourcesBuildPhase;
			buildActionMask = 2147483647;
			files = (
			);
			runOnlyForDeploymentPostprocessing = 0;
		};
/* End PBXResourcesBuildPhase section */

/* Begin PBXSourcesBuildPhase section */
		64AAF6931A75DD68001366A7 /* Sources */ = {
			isa = PBXSourcesBuildPhase;
			buildActionMask = 2147483647;
			files = (
				64ED49C31AAD4AFC00EFE6FE /* MudTabPageBar.swift in Sources */,
				64ED49BF1AAD4AFC00EFE6FE /* UIBarButtonItem+extension.swift in Sources */,
				64ED49C41AAD4AFC00EFE6FE /* MudTabPageBarItem.swift in Sources */,
				64ED49B51AAD4AFC00EFE6FE /* MudManager.swift in Sources */,
				64ED49BD1AAD4AFC00EFE6FE /* MudTableViewController.swift in Sources */,
				64ED49BA1AAD4AFC00EFE6FE /* MudMacro.swift in Sources */,
				64ED49BE1AAD4AFC00EFE6FE /* MudViewController.swift in Sources */,
				64ED49B61AAD4AFC00EFE6FE /* MudRequestBase.swift in Sources */,
				64ED49BB1AAD4AFC00EFE6FE /* MudNavigationBar.swift in Sources */,
				64ED49B71AAD4AFC00EFE6FE /* MudRequestCenter.swift in Sources */,
				64ED49B31AAD4AFC00EFE6FE /* MudLocationManager.swift in Sources */,
				64ED49C01AAD4AFC00EFE6FE /* UIColor+Category.swift in Sources */,
				64ED49BC1AAD4AFC00EFE6FE /* MudNavigationController.swift in Sources */,
				64ED49C21AAD4AFC00EFE6FE /* UIImage+Category.swift in Sources */,
				64ED49B91AAD4AFC00EFE6FE /* NSLocale+Extension.swift in Sources */,
				64ED49B41AAD4AFC00EFE6FE /* MudLocalString.swift in Sources */,
				64ED49C11AAD4AFC00EFE6FE /* UIDevice+Extension.swift in Sources */,
				64ED49B81AAD4AFC00EFE6FE /* NSError+extension.swift in Sources */,
				64ED49C51AAD4AFC00EFE6FE /* MudTabPagesView.swift in Sources */,
			);
			runOnlyForDeploymentPostprocessing = 0;
		};
		64AAF69F1A75DD68001366A7 /* Sources */ = {
			isa = PBXSourcesBuildPhase;
			buildActionMask = 2147483647;
			files = (
				64AAF6AB1A75DD68001366A7 /* MudFramework_SwiftTests.swift in Sources */,
			);
			runOnlyForDeploymentPostprocessing = 0;
		};
/* End PBXSourcesBuildPhase section */

/* Begin PBXTargetDependency section */
		64AAF6A61A75DD68001366A7 /* PBXTargetDependency */ = {
			isa = PBXTargetDependency;
			target = 64AAF6971A75DD68001366A7 /* MudFramework_Swift */;
			targetProxy = 64AAF6A51A75DD68001366A7 /* PBXContainerItemProxy */;
		};
/* End PBXTargetDependency section */

/* Begin PBXVariantGroup section */
		64ED49951AAD4AFC00EFE6FE /* MudLocalization.strings */ = {
			isa = PBXVariantGroup;
			children = (
				64ED49961AAD4AFC00EFE6FE /* en */,
				64ED49981AAD4AFC00EFE6FE /* zh-Hans */,
			);
			name = MudLocalization.strings;
			sourceTree = "<group>";
		};
/* End PBXVariantGroup section */

/* Begin XCBuildConfiguration section */
		64AAF6AC1A75DD68001366A7 /* Debug */ = {
			isa = XCBuildConfiguration;
			buildSettings = {
				ALWAYS_SEARCH_USER_PATHS = NO;
				CLANG_CXX_LANGUAGE_STANDARD = "gnu++0x";
				CLANG_CXX_LIBRARY = "libc++";
				CLANG_ENABLE_MODULES = YES;
				CLANG_ENABLE_OBJC_ARC = YES;
				CLANG_WARN_BOOL_CONVERSION = YES;
				CLANG_WARN_CONSTANT_CONVERSION = YES;
				CLANG_WARN_DIRECT_OBJC_ISA_USAGE = YES_ERROR;
				CLANG_WARN_EMPTY_BODY = YES;
				CLANG_WARN_ENUM_CONVERSION = YES;
				CLANG_WARN_INT_CONVERSION = YES;
				CLANG_WARN_OBJC_ROOT_CLASS = YES_ERROR;
				CLANG_WARN_UNREACHABLE_CODE = YES;
				CLANG_WARN__DUPLICATE_METHOD_MATCH = YES;
				"CODE_SIGN_IDENTITY[sdk=iphoneos*]" = "iPhone Developer";
				COPY_PHASE_STRIP = NO;
				CURRENT_PROJECT_VERSION = 1;
				ENABLE_STRICT_OBJC_MSGSEND = YES;
				GCC_C_LANGUAGE_STANDARD = gnu99;
				GCC_DYNAMIC_NO_PIC = NO;
				GCC_OPTIMIZATION_LEVEL = 0;
				GCC_PREPROCESSOR_DEFINITIONS = (
					"DEBUG=1",
					"$(inherited)",
				);
				GCC_SYMBOLS_PRIVATE_EXTERN = NO;
				GCC_WARN_64_TO_32_BIT_CONVERSION = YES;
				GCC_WARN_ABOUT_RETURN_TYPE = YES_ERROR;
				GCC_WARN_UNDECLARED_SELECTOR = YES;
				GCC_WARN_UNINITIALIZED_AUTOS = YES_AGGRESSIVE;
				GCC_WARN_UNUSED_FUNCTION = YES;
				GCC_WARN_UNUSED_VARIABLE = YES;
				IPHONEOS_DEPLOYMENT_TARGET = 8.1;
				MACH_O_TYPE = mh_dylib;
				MTL_ENABLE_DEBUG_INFO = YES;
				ONLY_ACTIVE_ARCH = YES;
				SDKROOT = iphoneos;
				SWIFT_OPTIMIZATION_LEVEL = "-Onone";
				TARGETED_DEVICE_FAMILY = "1,2";
				VERSIONING_SYSTEM = "apple-generic";
				VERSION_INFO_PREFIX = "";
			};
			name = Debug;
		};
		64AAF6AD1A75DD68001366A7 /* Release */ = {
			isa = XCBuildConfiguration;
			buildSettings = {
				ALWAYS_SEARCH_USER_PATHS = NO;
				CLANG_CXX_LANGUAGE_STANDARD = "gnu++0x";
				CLANG_CXX_LIBRARY = "libc++";
				CLANG_ENABLE_MODULES = YES;
				CLANG_ENABLE_OBJC_ARC = YES;
				CLANG_WARN_BOOL_CONVERSION = YES;
				CLANG_WARN_CONSTANT_CONVERSION = YES;
				CLANG_WARN_DIRECT_OBJC_ISA_USAGE = YES_ERROR;
				CLANG_WARN_EMPTY_BODY = YES;
				CLANG_WARN_ENUM_CONVERSION = YES;
				CLANG_WARN_INT_CONVERSION = YES;
				CLANG_WARN_OBJC_ROOT_CLASS = YES_ERROR;
				CLANG_WARN_UNREACHABLE_CODE = YES;
				CLANG_WARN__DUPLICATE_METHOD_MATCH = YES;
				"CODE_SIGN_IDENTITY[sdk=iphoneos*]" = "iPhone Developer";
				COPY_PHASE_STRIP = YES;
				CURRENT_PROJECT_VERSION = 1;
				ENABLE_NS_ASSERTIONS = NO;
				ENABLE_STRICT_OBJC_MSGSEND = YES;
				GCC_C_LANGUAGE_STANDARD = gnu99;
				GCC_WARN_64_TO_32_BIT_CONVERSION = YES;
				GCC_WARN_ABOUT_RETURN_TYPE = YES_ERROR;
				GCC_WARN_UNDECLARED_SELECTOR = YES;
				GCC_WARN_UNINITIALIZED_AUTOS = YES_AGGRESSIVE;
				GCC_WARN_UNUSED_FUNCTION = YES;
				GCC_WARN_UNUSED_VARIABLE = YES;
				IPHONEOS_DEPLOYMENT_TARGET = 8.1;
				MACH_O_TYPE = mh_dylib;
				MTL_ENABLE_DEBUG_INFO = NO;
				SDKROOT = iphoneos;
				TARGETED_DEVICE_FAMILY = "1,2";
				VALIDATE_PRODUCT = YES;
				VERSIONING_SYSTEM = "apple-generic";
				VERSION_INFO_PREFIX = "";
			};
			name = Release;
		};
		64AAF6AF1A75DD68001366A7 /* Debug */ = {
			isa = XCBuildConfiguration;
			buildSettings = {
				DEFINES_MODULE = YES;
				DYLIB_COMPATIBILITY_VERSION = 1;
				DYLIB_CURRENT_VERSION = 1;
				DYLIB_INSTALL_NAME_BASE = "@rpath";
				INFOPLIST_FILE = MudFramework_Swift/Info.plist;
				INSTALL_PATH = "$(LOCAL_LIBRARY_DIR)/Frameworks";
				IPHONEOS_DEPLOYMENT_TARGET = 7.0;
				LD_RUNPATH_SEARCH_PATHS = "$(inherited) @executable_path/Frameworks @loader_path/Frameworks";
				MACH_O_TYPE = mh_dylib;
				PRODUCT_NAME = "$(TARGET_NAME)";
				SKIP_INSTALL = YES;
				TARGETED_DEVICE_FAMILY = 1;
			};
			name = Debug;
		};
		64AAF6B01A75DD68001366A7 /* Release */ = {
			isa = XCBuildConfiguration;
			buildSettings = {
				DEFINES_MODULE = YES;
				DYLIB_COMPATIBILITY_VERSION = 1;
				DYLIB_CURRENT_VERSION = 1;
				DYLIB_INSTALL_NAME_BASE = "@rpath";
				INFOPLIST_FILE = MudFramework_Swift/Info.plist;
				INSTALL_PATH = "$(LOCAL_LIBRARY_DIR)/Frameworks";
				IPHONEOS_DEPLOYMENT_TARGET = 7.0;
				LD_RUNPATH_SEARCH_PATHS = "$(inherited) @executable_path/Frameworks @loader_path/Frameworks";
				MACH_O_TYPE = mh_dylib;
				PRODUCT_NAME = "$(TARGET_NAME)";
				SKIP_INSTALL = YES;
				TARGETED_DEVICE_FAMILY = 1;
			};
			name = Release;
		};
		64AAF6B21A75DD68001366A7 /* Debug */ = {
			isa = XCBuildConfiguration;
			buildSettings = {
				FRAMEWORK_SEARCH_PATHS = (
					"$(SDKROOT)/Developer/Library/Frameworks",
					"$(inherited)",
				);
				GCC_PREPROCESSOR_DEFINITIONS = (
					"DEBUG=1",
					"$(inherited)",
				);
				INFOPLIST_FILE = MudFramework_SwiftTests/Info.plist;
				LD_RUNPATH_SEARCH_PATHS = "$(inherited) @executable_path/Frameworks @loader_path/Frameworks";
				PRODUCT_NAME = "$(TARGET_NAME)";
			};
			name = Debug;
		};
		64AAF6B31A75DD68001366A7 /* Release */ = {
			isa = XCBuildConfiguration;
			buildSettings = {
				FRAMEWORK_SEARCH_PATHS = (
					"$(SDKROOT)/Developer/Library/Frameworks",
					"$(inherited)",
				);
				INFOPLIST_FILE = MudFramework_SwiftTests/Info.plist;
				LD_RUNPATH_SEARCH_PATHS = "$(inherited) @executable_path/Frameworks @loader_path/Frameworks";
				PRODUCT_NAME = "$(TARGET_NAME)";
			};
			name = Release;
		};
/* End XCBuildConfiguration section */

/* Begin XCConfigurationList section */
		64AAF6921A75DD68001366A7 /* Build configuration list for PBXProject "MudFramework_Swift" */ = {
			isa = XCConfigurationList;
			buildConfigurations = (
				64AAF6AC1A75DD68001366A7 /* Debug */,
				64AAF6AD1A75DD68001366A7 /* Release */,
			);
			defaultConfigurationIsVisible = 0;
			defaultConfigurationName = Release;
		};
		64AAF6AE1A75DD68001366A7 /* Build configuration list for PBXNativeTarget "MudFramework_Swift" */ = {
			isa = XCConfigurationList;
			buildConfigurations = (
				64AAF6AF1A75DD68001366A7 /* Debug */,
				64AAF6B01A75DD68001366A7 /* Release */,
			);
			defaultConfigurationIsVisible = 0;
			defaultConfigurationName = Release;
		};
		64AAF6B11A75DD68001366A7 /* Build configuration list for PBXNativeTarget "MudFramework_SwiftTests" */ = {
			isa = XCConfigurationList;
			buildConfigurations = (
				64AAF6B21A75DD68001366A7 /* Debug */,
				64AAF6B31A75DD68001366A7 /* Release */,
			);
			defaultConfigurationIsVisible = 0;
			defaultConfigurationName = Release;
		};
/* End XCConfigurationList section */
	};
	rootObject = 64AAF68F1A75DD68001366A7 /* Project object */;
}
