// !$*UTF8*$!
{
	archiveVersion = 1;
	classes = {
	};
	objectVersion = 46;
	objects = {

/* Begin PBXBuildFile section */
		64AAF69E1A75DD68001366A7 /* MudFramework_Swift.h in Headers */ = {isa = PBXBuildFile; fileRef = 64AAF69D1A75DD68001366A7 /* MudFramework_Swift.h */; settings = {ATTRIBUTES = (Public, ); }; };
		64AAF6A41A75DD68001366A7 /* MudFramework_Swift.framework in Frameworks */ = {isa = PBXBuildFile; fileRef = 64AAF6981A75DD68001366A7 /* MudFramework_Swift.framework */; };
		64AAF6AB1A75DD68001366A7 /* MudFramework_SwiftTests.swift in Sources */ = {isa = PBXBuildFile; fileRef = 64AAF6AA1A75DD68001366A7 /* MudFramework_SwiftTests.swift */; };
		64AAF6B71A75DE36001366A7 /* MudTableViewController.swift in Sources */ = {isa = PBXBuildFile; fileRef = 64AAF6B61A75DE36001366A7 /* MudTableViewController.swift */; };
		64AAF6B91A75DE52001366A7 /* MudViewController.swift in Sources */ = {isa = PBXBuildFile; fileRef = 64AAF6B81A75DE52001366A7 /* MudViewController.swift */; };
/* End PBXBuildFile section */

/* Begin PBXContainerItemProxy section */
		64AAF6A51A75DD68001366A7 /* PBXContainerItemProxy */ = {
			isa = PBXContainerItemProxy;
			containerPortal = 64AAF68F1A75DD68001366A7 /* Project object */;
			proxyType = 1;
			remoteGlobalIDString = 64AAF6971A75DD68001366A7;
			remoteInfo = MudFramework_Swift;
		};
/* End PBXContainerItemProxy section */

/* Begin PBXFileReference section */
		64AAF6981A75DD68001366A7 /* MudFramework_Swift.framework */ = {isa = PBXFileReference; explicitFileType = wrapper.framework; includeInIndex = 0; path = MudFramework_Swift.framework; sourceTree = BUILT_PRODUCTS_DIR; };
		64AAF69C1A75DD68001366A7 /* Info.plist */ = {isa = PBXFileReference; lastKnownFileType = text.plist.xml; path = Info.plist; sourceTree = "<group>"; };
		64AAF69D1A75DD68001366A7 /* MudFramework_Swift.h */ = {isa = PBXFileReference; lastKnownFileType = sourcecode.c.h; path = MudFramework_Swift.h; sourceTree = "<group>"; };
		64AAF6A31A75DD68001366A7 /* MudFramework_SwiftTests.xctest */ = {isa = PBXFileReference; explicitFileType = wrapper.cfbundle; includeInIndex = 0; path = MudFramework_SwiftTests.xctest; sourceTree = BUILT_PRODUCTS_DIR; };
		64AAF6A91A75DD68001366A7 /* Info.plist */ = {isa = PBXFileReference; lastKnownFileType = text.plist.xml; path = Info.plist; sourceTree = "<group>"; };
		64AAF6AA1A75DD68001366A7 /* MudFramework_SwiftTests.swift */ = {isa = PBXFileReference; lastKnownFileType = sourcecode.swift; path = MudFramework_SwiftTests.swift; sourceTree = "<group>"; };
		64AAF6B61A75DE36001366A7 /* MudTableViewController.swift */ = {isa = PBXFileReference; fileEncoding = 4; lastKnownFileType = sourcecode.swift; path = MudTableViewController.swift; sourceTree = "<group>"; };
		64AAF6B81A75DE52001366A7 /* MudViewController.swift */ = {isa = PBXFileReference; fileEncoding = 4; lastKnownFileType = sourcecode.swift; path = MudViewController.swift; sourceTree = "<group>"; };
/* End PBXFileReference section */

/* Begin PBXFrameworksBuildPhase section */
		64AAF6941A75DD68001366A7 /* Frameworks */ = {
			isa = PBXFrameworksBuildPhase;
			buildActionMask = 2147483647;
			files = (
			);
			runOnlyForDeploymentPostprocessing = 0;
		};
		64AAF6A01A75DD68001366A7 /* Frameworks */ = {
			isa = PBXFrameworksBuildPhase;
			buildActionMask = 2147483647;
			files = (
				64AAF6A41A75DD68001366A7 /* MudFramework_Swift.framework in Frameworks */,
			);
			runOnlyForDeploymentPostprocessing = 0;
		};
/* End PBXFrameworksBuildPhase section */

/* Begin PBXGroup section */
		64AAF68E1A75DD68001366A7 = {
			isa = PBXGroup;
			children = (
				64AAF69A1A75DD68001366A7 /* MudFramework_Swift */,
				64AAF6A71A75DD68001366A7 /* MudFramework_SwiftTests */,
				64AAF6991A75DD68001366A7 /* Products */,
			);
			sourceTree = "<group>";
		};
		64AAF6991A75DD68001366A7 /* Products */ = {
			isa = PBXGroup;
			children = (
				64AAF6981A75DD68001366A7 /* MudFramework_Swift.framework */,
				64AAF6A31A75DD68001366A7 /* MudFramework_SwiftTests.xctest */,
			);
			name = Products;
			sourceTree = "<group>";
		};
		64AAF69A1A75DD68001366A7 /* MudFramework_Swift */ = {
			isa = PBXGroup;
			children = (
				64AAF69D1A75DD68001366A7 /* MudFramework_Swift.h */,
				64AAF6B41A75DE36001366A7 /* Foundation */,
				64AAF6B51A75DE36001366A7 /* UIKit */,
				64AAF69B1A75DD68001366A7 /* Supporting Files */,
			);
			path = MudFramework_Swift;
			sourceTree = "<group>";
		};
		64AAF69B1A75DD68001366A7 /* Supporting Files */ = {
			isa = PBXGroup;
			children = (
				64AAF69C1A75DD68001366A7 /* Info.plist */,
			);
			name = "Supporting Files";
			sourceTree = "<group>";
		};
		64AAF6A71A75DD68001366A7 /* MudFramework_SwiftTests */ = {
			isa = PBXGroup;
			children = (
				64AAF6AA1A75DD68001366A7 /* MudFramework_SwiftTests.swift */,
				64AAF6A81A75DD68001366A7 /* Supporting Files */,
			);
			path = MudFramework_SwiftTests;
			sourceTree = "<group>";
		};
		64AAF6A81A75DD68001366A7 /* Supporting Files */ = {
			isa = PBXGroup;
			children = (
				64AAF6A91A75DD68001366A7 /* Info.plist */,
			);
			name = "Supporting Files";
			sourceTree = "<group>";
		};
		64AAF6B41A75DE36001366A7 /* Foundation */ = {
			isa = PBXGroup;
			children = (
			);
			path = Foundation;
			sourceTree = "<group>";
		};
		64AAF6B51A75DE36001366A7 /* UIKit */ = {
			isa = PBXGroup;
			children = (
				64AAF6B61A75DE36001366A7 /* MudTableViewController.swift */,
				64AAF6B81A75DE52001366A7 /* MudViewController.swift */,
			);
			path = UIKit;
			sourceTree = "<group>";
		};
/* End PBXGroup section */

/* Begin PBXHeadersBuildPhase section */
		64AAF6951A75DD68001366A7 /* Headers */ = {
			isa = PBXHeadersBuildPhase;
			buildActionMask = 2147483647;
			files = (
				64AAF69E1A75DD68001366A7 /* MudFramework_Swift.h in Headers */,
			);
			runOnlyForDeploymentPostprocessing = 0;
		};
/* End PBXHeadersBuildPhase section */

/* Begin PBXNativeTarget section */
		64AAF6971A75DD68001366A7 /* MudFramework_Swift */ = {
			isa = PBXNativeTarget;
			buildConfigurationList = 64AAF6AE1A75DD68001366A7 /* Build configuration list for PBXNativeTarget "MudFramework_Swift" */;
			buildPhases = (
				64AAF6931A75DD68001366A7 /* Sources */,
				64AAF6941A75DD68001366A7 /* Frameworks */,
				64AAF6951A75DD68001366A7 /* Headers */,
				64AAF6961A75DD68001366A7 /* Resources */,
			);
			buildRules = (
			);
			dependencies = (
			);
			name = MudFramework_Swift;
			productName = MudFramework_Swift;
			productReference = 64AAF6981A75DD68001366A7 /* MudFramework_Swift.framework */;
			productType = "com.apple.product-type.framework";
		};
		64AAF6A21A75DD68001366A7 /* MudFramework_SwiftTests */ = {
			isa = PBXNativeTarget;
			buildConfigurationList = 64AAF6B11A75DD68001366A7 /* Build configuration list for PBXNativeTarget "MudFramework_SwiftTests" */;
			buildPhases = (
				64AAF69F1A75DD68001366A7 /* Sources */,
				64AAF6A01A75DD68001366A7 /* Frameworks */,
				64AAF6A11A75DD68001366A7 /* Resources */,
			);
			buildRules = (
			);
			dependencies = (
				64AAF6A61A75DD68001366A7 /* PBXTargetDependency */,
			);
			name = MudFramework_SwiftTests;
			productName = MudFramework_SwiftTests;
			productReference = 64AAF6A31A75DD68001366A7 /* MudFramework_SwiftTests.xctest */;
			productType = "com.apple.product-type.bundle.unit-test";
		};
/* End PBXNativeTarget section */

/* Begin PBXProject section */
		64AAF68F1A75DD68001366A7 /* Project object */ = {
			isa = PBXProject;
			attributes = {
				LastUpgradeCheck = 0610;
				ORGANIZATIONNAME = Mudmen;
				TargetAttributes = {
					64AAF6971A75DD68001366A7 = {
						CreatedOnToolsVersion = 6.1.1;
					};
					64AAF6A21A75DD68001366A7 = {
						CreatedOnToolsVersion = 6.1.1;
					};
				};
			};
			buildConfigurationList = 64AAF6921A75DD68001366A7 /* Build configuration list for PBXProject "MudFramework_Swift" */;
			compatibilityVersion = "Xcode 3.2";
			developmentRegion = English;
			hasScannedForEncodings = 0;
			knownRegions = (
				en,
			);
			mainGroup = 64AAF68E1A75DD68001366A7;
			productRefGroup = 64AAF6991A75DD68001366A7 /* Products */;
			projectDirPath = "";
			projectRoot = "";
			targets = (
				64AAF6971A75DD68001366A7 /* MudFramework_Swift */,
				64AAF6A21A75DD68001366A7 /* MudFramework_SwiftTests */,
			);
		};
/* End PBXProject section */

/* Begin PBXResourcesBuildPhase section */
		64AAF6961A75DD68001366A7 /* Resources */ = {
			isa = PBXResourcesBuildPhase;
			buildActionMask = 2147483647;
			files = (
			);
			runOnlyForDeploymentPostprocessing = 0;
		};
		64AAF6A11A75DD68001366A7 /* Resources */ = {
			isa = PBXResourcesBuildPhase;
			buildActionMask = 2147483647;
			files = (
			);
			runOnlyForDeploymentPostprocessing = 0;
		};
/* End PBXResourcesBuildPhase section */

/* Begin PBXSourcesBuildPhase section */
		64AAF6931A75DD68001366A7 /* Sources */ = {
			isa = PBXSourcesBuildPhase;
			buildActionMask = 2147483647;
			files = (
				64AAF6B71A75DE36001366A7 /* MudTableViewController.swift in Sources */,
				64AAF6B91A75DE52001366A7 /* MudViewController.swift in Sources */,
			);
			runOnlyForDeploymentPostprocessing = 0;
		};
		64AAF69F1A75DD68001366A7 /* Sources */ = {
			isa = PBXSourcesBuildPhase;
			buildActionMask = 2147483647;
			files = (
				64AAF6AB1A75DD68001366A7 /* MudFramework_SwiftTests.swift in Sources */,
			);
			runOnlyForDeploymentPostprocessing = 0;
		};
/* End PBXSourcesBuildPhase section */

/* Begin PBXTargetDependency section */
		64AAF6A61A75DD68001366A7 /* PBXTargetDependency */ = {
			isa = PBXTargetDependency;
			target = 64AAF6971A75DD68001366A7 /* MudFramework_Swift */;
			targetProxy = 64AAF6A51A75DD68001366A7 /* PBXContainerItemProxy */;
		};
/* End PBXTargetDependency section */

/* Begin XCBuildConfiguration section */
		64AAF6AC1A75DD68001366A7 /* Debug */ = {
			isa = XCBuildConfiguration;
			buildSettings = {
				ALWAYS_SEARCH_USER_PATHS = NO;
				CLANG_CXX_LANGUAGE_STANDARD = "gnu++0x";
				CLANG_CXX_LIBRARY = "libc++";
				CLANG_ENABLE_MODULES = YES;
				CLANG_ENABLE_OBJC_ARC = YES;
				CLANG_WARN_BOOL_CONVERSION = YES;
				CLANG_WARN_CONSTANT_CONVERSION = YES;
				CLANG_WARN_DIRECT_OBJC_ISA_USAGE = YES_ERROR;
				CLANG_WARN_EMPTY_BODY = YES;
				CLANG_WARN_ENUM_CONVERSION = YES;
				CLANG_WARN_INT_CONVERSION = YES;
				CLANG_WARN_OBJC_ROOT_CLASS = YES_ERROR;
				CLANG_WARN_UNREACHABLE_CODE = YES;
				CLANG_WARN__DUPLICATE_METHOD_MATCH = YES;
				"CODE_SIGN_IDENTITY[sdk=iphoneos*]" = "iPhone Developer";
				COPY_PHASE_STRIP = NO;
				CURRENT_PROJECT_VERSION = 1;
				ENABLE_STRICT_OBJC_MSGSEND = YES;
				GCC_C_LANGUAGE_STANDARD = gnu99;
				GCC_DYNAMIC_NO_PIC = NO;
				GCC_OPTIMIZATION_LEVEL = 0;
				GCC_PREPROCESSOR_DEFINITIONS = (
					"DEBUG=1",
					"$(inherited)",
				);
				GCC_SYMBOLS_PRIVATE_EXTERN = NO;
				GCC_WARN_64_TO_32_BIT_CONVERSION = YES;
				GCC_WARN_ABOUT_RETURN_TYPE = YES_ERROR;
				GCC_WARN_UNDECLARED_SELECTOR = YES;
				GCC_WARN_UNINITIALIZED_AUTOS = YES_AGGRESSIVE;
				GCC_WARN_UNUSED_FUNCTION = YES;
				GCC_WARN_UNUSED_VARIABLE = YES;
				IPHONEOS_DEPLOYMENT_TARGET = 8.1;
				MTL_ENABLE_DEBUG_INFO = YES;
				ONLY_ACTIVE_ARCH = YES;
				SDKROOT = iphoneos;
				SWIFT_OPTIMIZATION_LEVEL = "-Onone";
				TARGETED_DEVICE_FAMILY = "1,2";
				VERSIONING_SYSTEM = "apple-generic";
				VERSION_INFO_PREFIX = "";
			};
			name = Debug;
		};
		64AAF6AD1A75DD68001366A7 /* Release */ = {
			isa = XCBuildConfiguration;
			buildSettings = {
				ALWAYS_SEARCH_USER_PATHS = NO;
				CLANG_CXX_LANGUAGE_STANDARD = "gnu++0x";
				CLANG_CXX_LIBRARY = "libc++";
				CLANG_ENABLE_MODULES = YES;
				CLANG_ENABLE_OBJC_ARC = YES;
				CLANG_WARN_BOOL_CONVERSION = YES;
				CLANG_WARN_CONSTANT_CONVERSION = YES;
				CLANG_WARN_DIRECT_OBJC_ISA_USAGE = YES_ERROR;
				CLANG_WARN_EMPTY_BODY = YES;
				CLANG_WARN_ENUM_CONVERSION = YES;
				CLANG_WARN_INT_CONVERSION = YES;
				CLANG_WARN_OBJC_ROOT_CLASS = YES_ERROR;
				CLANG_WARN_UNREACHABLE_CODE = YES;
				CLANG_WARN__DUPLICATE_METHOD_MATCH = YES;
				"CODE_SIGN_IDENTITY[sdk=iphoneos*]" = "iPhone Developer";
				COPY_PHASE_STRIP = YES;
				CURRENT_PROJECT_VERSION = 1;
				ENABLE_NS_ASSERTIONS = NO;
				ENABLE_STRICT_OBJC_MSGSEND = YES;
				GCC_C_LANGUAGE_STANDARD = gnu99;
				GCC_WARN_64_TO_32_BIT_CONVERSION = YES;
				GCC_WARN_ABOUT_RETURN_TYPE = YES_ERROR;
				GCC_WARN_UNDECLARED_SELECTOR = YES;
				GCC_WARN_UNINITIALIZED_AUTOS = YES_AGGRESSIVE;
				GCC_WARN_UNUSED_FUNCTION = YES;
				GCC_WARN_UNUSED_VARIABLE = YES;
				IPHONEOS_DEPLOYMENT_TARGET = 8.1;
				MTL_ENABLE_DEBUG_INFO = NO;
				SDKROOT = iphoneos;
				TARGETED_DEVICE_FAMILY = "1,2";
				VALIDATE_PRODUCT = YES;
				VERSIONING_SYSTEM = "apple-generic";
				VERSION_INFO_PREFIX = "";
			};
			name = Release;
		};
		64AAF6AF1A75DD68001366A7 /* Debug */ = {
			isa = XCBuildConfiguration;
			buildSettings = {
				DEFINES_MODULE = YES;
				DYLIB_COMPATIBILITY_VERSION = 1;
				DYLIB_CURRENT_VERSION = 1;
				DYLIB_INSTALL_NAME_BASE = "@rpath";
				INFOPLIST_FILE = MudFramework_Swift/Info.plist;
				INSTALL_PATH = "$(LOCAL_LIBRARY_DIR)/Frameworks";
				IPHONEOS_DEPLOYMENT_TARGET = 7.0;
				LD_RUNPATH_SEARCH_PATHS = "$(inherited) @executable_path/Frameworks @loader_path/Frameworks";
				PRODUCT_NAME = "$(TARGET_NAME)";
				SKIP_INSTALL = YES;
				TARGETED_DEVICE_FAMILY = 1;
			};
			name = Debug;
		};
		64AAF6B01A75DD68001366A7 /* Release */ = {
			isa = XCBuildConfiguration;
			buildSettings = {
				DEFINES_MODULE = YES;
				DYLIB_COMPATIBILITY_VERSION = 1;
				DYLIB_CURRENT_VERSION = 1;
				DYLIB_INSTALL_NAME_BASE = "@rpath";
				INFOPLIST_FILE = MudFramework_Swift/Info.plist;
				INSTALL_PATH = "$(LOCAL_LIBRARY_DIR)/Frameworks";
				IPHONEOS_DEPLOYMENT_TARGET = 7.0;
				LD_RUNPATH_SEARCH_PATHS = "$(inherited) @executable_path/Frameworks @loader_path/Frameworks";
				PRODUCT_NAME = "$(TARGET_NAME)";
				SKIP_INSTALL = YES;
				TARGETED_DEVICE_FAMILY = 1;
			};
			name = Release;
		};
		64AAF6B21A75DD68001366A7 /* Debug */ = {
			isa = XCBuildConfiguration;
			buildSettings = {
				FRAMEWORK_SEARCH_PATHS = (
					"$(SDKROOT)/Developer/Library/Frameworks",
					"$(inherited)",
				);
				GCC_PREPROCESSOR_DEFINITIONS = (
					"DEBUG=1",
					"$(inherited)",
				);
				INFOPLIST_FILE = MudFramework_SwiftTests/Info.plist;
				LD_RUNPATH_SEARCH_PATHS = "$(inherited) @executable_path/Frameworks @loader_path/Frameworks";
				PRODUCT_NAME = "$(TARGET_NAME)";
			};
			name = Debug;
		};
		64AAF6B31A75DD68001366A7 /* Release */ = {
			isa = XCBuildConfiguration;
			buildSettings = {
				FRAMEWORK_SEARCH_PATHS = (
					"$(SDKROOT)/Developer/Library/Frameworks",
					"$(inherited)",
				);
				INFOPLIST_FILE = MudFramework_SwiftTests/Info.plist;
				LD_RUNPATH_SEARCH_PATHS = "$(inherited) @executable_path/Frameworks @loader_path/Frameworks";
				PRODUCT_NAME = "$(TARGET_NAME)";
			};
			name = Release;
		};
/* End XCBuildConfiguration section */

/* Begin XCConfigurationList section */
		64AAF6921A75DD68001366A7 /* Build configuration list for PBXProject "MudFramework_Swift" */ = {
			isa = XCConfigurationList;
			buildConfigurations = (
				64AAF6AC1A75DD68001366A7 /* Debug */,
				64AAF6AD1A75DD68001366A7 /* Release */,
			);
			defaultConfigurationIsVisible = 0;
			defaultConfigurationName = Release;
		};
		64AAF6AE1A75DD68001366A7 /* Build configuration list for PBXNativeTarget "MudFramework_Swift" */ = {
			isa = XCConfigurationList;
			buildConfigurations = (
				64AAF6AF1A75DD68001366A7 /* Debug */,
				64AAF6B01A75DD68001366A7 /* Release */,
			);
			defaultConfigurationIsVisible = 0;
			defaultConfigurationName = Release;
		};
		64AAF6B11A75DD68001366A7 /* Build configuration list for PBXNativeTarget "MudFramework_SwiftTests" */ = {
			isa = XCConfigurationList;
			buildConfigurations = (
				64AAF6B21A75DD68001366A7 /* Debug */,
				64AAF6B31A75DD68001366A7 /* Release */,
			);
			defaultConfigurationIsVisible = 0;
			defaultConfigurationName = Release;
		};
/* End XCConfigurationList section */
	};
	rootObject = 64AAF68F1A75DD68001366A7 /* Project object */;
}
